// !$*UTF8*$!
{
	archiveVersion = 1;
	classes = {
	};
	objectVersion = 50;
	objects = {

/* Begin PBXBuildFile section */
		5601087A2223205400F98EF7 /* AppDelegate.swift in Sources */ = {isa = PBXBuildFile; fileRef = 560108792223205400F98EF7 /* AppDelegate.swift */; };
		5601087C2223205400F98EF7 /* CategoriesVC.swift in Sources */ = {isa = PBXBuildFile; fileRef = 5601087B2223205400F98EF7 /* CategoriesVC.swift */; };
		5601087F2223205400F98EF7 /* Main.storyboard in Resources */ = {isa = PBXBuildFile; fileRef = 5601087D2223205400F98EF7 /* Main.storyboard */; };
		560108812223205600F98EF7 /* Assets.xcassets in Resources */ = {isa = PBXBuildFile; fileRef = 560108802223205600F98EF7 /* Assets.xcassets */; };
		560108842223205600F98EF7 /* LaunchScreen.storyboard in Resources */ = {isa = PBXBuildFile; fileRef = 560108822223205600F98EF7 /* LaunchScreen.storyboard */; };
		5601088F2223253700F98EF7 /* CategoryCell.swift in Sources */ = {isa = PBXBuildFile; fileRef = 5601088E2223253700F98EF7 /* CategoryCell.swift */; };
		560108912223288A00F98EF7 /* Category.swift in Sources */ = {isa = PBXBuildFile; fileRef = 560108902223288A00F98EF7 /* Category.swift */; };
		5601089422232A2A00F98EF7 /* DataService.swift in Sources */ = {isa = PBXBuildFile; fileRef = 5601089322232A2A00F98EF7 /* DataService.swift */; };
		56896CEB22246C690035CFB3 /* ProductsVC.swift in Sources */ = {isa = PBXBuildFile; fileRef = 56896CEA22246C690035CFB3 /* ProductsVC.swift */; };
/* End PBXBuildFile section */

/* Begin PBXFileReference section */
		560108762223205400F98EF7 /* Shopper.app */ = {isa = PBXFileReference; explicitFileType = wrapper.application; includeInIndex = 0; path = Shopper.app; sourceTree = BUILT_PRODUCTS_DIR; };
		560108792223205400F98EF7 /* AppDelegate.swift */ = {isa = PBXFileReference; lastKnownFileType = sourcecode.swift; path = AppDelegate.swift; sourceTree = "<group>"; };
		5601087B2223205400F98EF7 /* CategoriesVC.swift */ = {isa = PBXFileReference; lastKnownFileType = sourcecode.swift; path = CategoriesVC.swift; sourceTree = "<group>"; };
		5601087E2223205400F98EF7 /* Base */ = {isa = PBXFileReference; lastKnownFileType = file.storyboard; name = Base; path = Base.lproj/Main.storyboard; sourceTree = "<group>"; };
		560108802223205600F98EF7 /* Assets.xcassets */ = {isa = PBXFileReference; lastKnownFileType = folder.assetcatalog; path = Assets.xcassets; sourceTree = "<group>"; };
		560108832223205600F98EF7 /* Base */ = {isa = PBXFileReference; lastKnownFileType = file.storyboard; name = Base; path = Base.lproj/LaunchScreen.storyboard; sourceTree = "<group>"; };
		560108852223205600F98EF7 /* Info.plist */ = {isa = PBXFileReference; lastKnownFileType = text.plist.xml; path = Info.plist; sourceTree = "<group>"; };
		5601088E2223253700F98EF7 /* CategoryCell.swift */ = {isa = PBXFileReference; lastKnownFileType = sourcecode.swift; path = CategoryCell.swift; sourceTree = "<group>"; };
		560108902223288A00F98EF7 /* Category.swift */ = {isa = PBXFileReference; lastKnownFileType = sourcecode.swift; path = Category.swift; sourceTree = "<group>"; };
		5601089322232A2A00F98EF7 /* DataService.swift */ = {isa = PBXFileReference; lastKnownFileType = sourcecode.swift; path = DataService.swift; sourceTree = "<group>"; };
		56896CEA22246C690035CFB3 /* ProductsVC.swift */ = {isa = PBXFileReference; lastKnownFileType = sourcecode.swift; path = ProductsVC.swift; sourceTree = "<group>"; };
/* End PBXFileReference section */

/* Begin PBXFrameworksBuildPhase section */
		560108732223205400F98EF7 /* Frameworks */ = {
			isa = PBXFrameworksBuildPhase;
			buildActionMask = 2147483647;
			files = (
			);
			runOnlyForDeploymentPostprocessing = 0;
		};
/* End PBXFrameworksBuildPhase section */

/* Begin PBXGroup section */
		5601086D2223205400F98EF7 = {
			isa = PBXGroup;
			children = (
				560108782223205400F98EF7 /* Shopper */,
				560108772223205400F98EF7 /* Products */,
			);
			sourceTree = "<group>";
		};
		560108772223205400F98EF7 /* Products */ = {
			isa = PBXGroup;
			children = (
				560108762223205400F98EF7 /* Shopper.app */,
			);
			name = Products;
			sourceTree = "<group>";
		};
		560108782223205400F98EF7 /* Shopper */ = {
			isa = PBXGroup;
			children = (
				5601089222232A1A00F98EF7 /* Services */,
				5601088D2223251A00F98EF7 /* Views */,
				5601088C2223219700F98EF7 /* Controllers */,
				5601088B2223218E00F98EF7 /* Model */,
				560108792223205400F98EF7 /* AppDelegate.swift */,
				5601087D2223205400F98EF7 /* Main.storyboard */,
				560108802223205600F98EF7 /* Assets.xcassets */,
				560108822223205600F98EF7 /* LaunchScreen.storyboard */,
				560108852223205600F98EF7 /* Info.plist */,
			);
			path = Shopper;
			sourceTree = "<group>";
		};
		5601088B2223218E00F98EF7 /* Model */ = {
			isa = PBXGroup;
			children = (
				560108902223288A00F98EF7 /* Category.swift */,
			);
			path = Model;
			sourceTree = "<group>";
		};
		5601088C2223219700F98EF7 /* Controllers */ = {
			isa = PBXGroup;
			children = (
				5601087B2223205400F98EF7 /* CategoriesVC.swift */,
				56896CEA22246C690035CFB3 /* ProductsVC.swift */,
			);
			path = Controllers;
			sourceTree = "<group>";
		};
		5601088D2223251A00F98EF7 /* Views */ = {
			isa = PBXGroup;
			children = (
				5601088E2223253700F98EF7 /* CategoryCell.swift */,
			);
			path = Views;
			sourceTree = "<group>";
		};
		5601089222232A1A00F98EF7 /* Services */ = {
			isa = PBXGroup;
			children = (
				5601089322232A2A00F98EF7 /* DataService.swift */,
			);
			path = Services;
			sourceTree = "<group>";
		};
/* End PBXGroup section */

/* Begin PBXNativeTarget section */
		560108752223205400F98EF7 /* Shopper */ = {
			isa = PBXNativeTarget;
			buildConfigurationList = 560108882223205600F98EF7 /* Build configuration list for PBXNativeTarget "Shopper" */;
			buildPhases = (
				560108722223205400F98EF7 /* Sources */,
				560108732223205400F98EF7 /* Frameworks */,
				560108742223205400F98EF7 /* Resources */,
			);
			buildRules = (
			);
			dependencies = (
			);
			name = Shopper;
			productName = Shopper;
			productReference = 560108762223205400F98EF7 /* Shopper.app */;
			productType = "com.apple.product-type.application";
		};
/* End PBXNativeTarget section */

/* Begin PBXProject section */
		5601086E2223205400F98EF7 /* Project object */ = {
			isa = PBXProject;
			attributes = {
				LastSwiftUpdateCheck = 1010;
				LastUpgradeCheck = 1010;
				ORGANIZATIONNAME = "ishraqe manjur";
				TargetAttributes = {
					560108752223205400F98EF7 = {
						CreatedOnToolsVersion = 10.1;
					};
				};
			};
			buildConfigurationList = 560108712223205400F98EF7 /* Build configuration list for PBXProject "Shopper" */;
			compatibilityVersion = "Xcode 9.3";
			developmentRegion = en;
			hasScannedForEncodings = 0;
			knownRegions = (
				en,
				Base,
			);
			mainGroup = 5601086D2223205400F98EF7;
			productRefGroup = 560108772223205400F98EF7 /* Products */;
			projectDirPath = "";
			projectRoot = "";
			targets = (
				560108752223205400F98EF7 /* Shopper */,
			);
		};
/* End PBXProject section */

/* Begin PBXResourcesBuildPhase section */
		560108742223205400F98EF7 /* Resources */ = {
			isa = PBXResourcesBuildPhase;
			buildActionMask = 2147483647;
			files = (
				560108842223205600F98EF7 /* LaunchScreen.storyboard in Resources */,
				560108812223205600F98EF7 /* Assets.xcassets in Resources */,
				5601087F2223205400F98EF7 /* Main.storyboard in Resources */,
			);
			runOnlyForDeploymentPostprocessing = 0;
		};
/* End PBXResourcesBuildPhase section */

/* Begin PBXSourcesBuildPhase section */
		560108722223205400F98EF7 /* Sources */ = {
			isa = PBXSourcesBuildPhase;
			buildActionMask = 2147483647;
			files = (
				5601087C2223205400F98EF7 /* CategoriesVC.swift in Sources */,
				5601087A2223205400F98EF7 /* AppDelegate.swift in Sources */,
				56896CEB22246C690035CFB3 /* ProductsVC.swift in Sources */,
				5601088F2223253700F98EF7 /* CategoryCell.swift in Sources */,
				560108912223288A00F98EF7 /* Category.swift in Sources */,
				5601089422232A2A00F98EF7 /* DataService.swift in Sources */,
			);
			runOnlyForDeploymentPostprocessing = 0;
		};
/* End PBXSourcesBuildPhase section */

/* Begin PBXVariantGroup section */
		5601087D2223205400F98EF7 /* Main.storyboard */ = {
			isa = PBXVariantGroup;
			children = (
				5601087E2223205400F98EF7 /* Base */,
			);
			name = Main.storyboard;
			sourceTree = "<group>";
		};
		560108822223205600F98EF7 /* LaunchScreen.storyboard */ = {
			isa = PBXVariantGroup;
			children = (
				560108832223205600F98EF7 /* Base */,
			);
			name = LaunchScreen.storyboard;
			sourceTree = "<group>";
		};
/* End PBXVariantGroup section */

/* Begin XCBuildConfiguration section */
		560108862223205600F98EF7 /* Debug */ = {
			isa = XCBuildConfiguration;
			buildSettings = {
				ALWAYS_SEARCH_USER_PATHS = NO;
				CLANG_ANALYZER_NONNULL = YES;
				CLANG_ANALYZER_NUMBER_OBJECT_CONVERSION = YES_AGGRESSIVE;
				CLANG_CXX_LANGUAGE_STANDARD = "gnu++14";
				CLANG_CXX_LIBRARY = "libc++";
				CLANG_ENABLE_MODULES = YES;
				CLANG_ENABLE_OBJC_ARC = YES;
				CLANG_ENABLE_OBJC_WEAK = YES;
				CLANG_WARN_BLOCK_CAPTURE_AUTORELEASING = YES;
				CLANG_WARN_BOOL_CONVERSION = YES;
				CLANG_WARN_COMMA = YES;
				CLANG_WARN_CONSTANT_CONVERSION = YES;
				CLANG_WARN_DEPRECATED_OBJC_IMPLEMENTATIONS = YES;
				CLANG_WARN_DIRECT_OBJC_ISA_USAGE = YES_ERROR;
				CLANG_WARN_DOCUMENTATION_COMMENTS = YES;
				CLANG_WARN_EMPTY_BODY = YES;
				CLANG_WARN_ENUM_CONVERSION = YES;
				CLANG_WARN_INFINITE_RECURSION = YES;
				CLANG_WARN_INT_CONVERSION = YES;
				CLANG_WARN_NON_LITERAL_NULL_CONVERSION = YES;
				CLANG_WARN_OBJC_IMPLICIT_RETAIN_SELF = YES;
				CLANG_WARN_OBJC_LITERAL_CONVERSION = YES;
				CLANG_WARN_OBJC_ROOT_CLASS = YES_ERROR;
				CLANG_WARN_RANGE_LOOP_ANALYSIS = YES;
				CLANG_WARN_STRICT_PROTOTYPES = YES;
				CLANG_WARN_SUSPICIOUS_MOVE = YES;
				CLANG_WARN_UNGUARDED_AVAILABILITY = YES_AGGRESSIVE;
				CLANG_WARN_UNREACHABLE_CODE = YES;
				CLANG_WARN__DUPLICATE_METHOD_MATCH = YES;
				CODE_SIGN_IDENTITY = "iPhone Developer";
				COPY_PHASE_STRIP = NO;
				DEBUG_INFORMATION_FORMAT = dwarf;
				ENABLE_STRICT_OBJC_MSGSEND = YES;
				ENABLE_TESTABILITY = YES;
				GCC_C_LANGUAGE_STANDARD = gnu11;
				GCC_DYNAMIC_NO_PIC = NO;
				GCC_NO_COMMON_BLOCKS = YES;
				GCC_OPTIMIZATION_LEVEL = 0;
				GCC_PREPROCESSOR_DEFINITIONS = (
					"DEBUG=1",
					"$(inherited)",
				);
				GCC_WARN_64_TO_32_BIT_CONVERSION = YES;
				GCC_WARN_ABOUT_RETURN_TYPE = YES_ERROR;
				GCC_WARN_UNDECLARED_SELECTOR = YES;
				GCC_WARN_UNINITIALIZED_AUTOS = YES_AGGRESSIVE;
				GCC_WARN_UNUSED_FUNCTION = YES;
				GCC_WARN_UNUSED_VARIABLE = YES;
				IPHONEOS_DEPLOYMENT_TARGET = 12.1;
				MTL_ENABLE_DEBUG_INFO = INCLUDE_SOURCE;
				MTL_FAST_MATH = YES;
				ONLY_ACTIVE_ARCH = YES;
				SDKROOT = iphoneos;
				SWIFT_ACTIVE_COMPILATION_CONDITIONS = DEBUG;
				SWIFT_OPTIMIZATION_LEVEL = "-Onone";
			};
			name = Debug;
		};
		560108872223205600F98EF7 /* Release */ = {
			isa = XCBuildConfiguration;
			buildSettings = {
				ALWAYS_SEARCH_USER_PATHS = NO;
				CLANG_ANALYZER_NONNULL = YES;
				CLANG_ANALYZER_NUMBER_OBJECT_CONVERSION = YES_AGGRESSIVE;
				CLANG_CXX_LANGUAGE_STANDARD = "gnu++14";
				CLANG_CXX_LIBRARY = "libc++";
				CLANG_ENABLE_MODULES = YES;
				CLANG_ENABLE_OBJC_ARC = YES;
				CLANG_ENABLE_OBJC_WEAK = YES;
				CLANG_WARN_BLOCK_CAPTURE_AUTORELEASING = YES;
				CLANG_WARN_BOOL_CONVERSION = YES;
				CLANG_WARN_COMMA = YES;
				CLANG_WARN_CONSTANT_CONVERSION = YES;
				CLANG_WARN_DEPRECATED_OBJC_IMPLEMENTATIONS = YES;
				CLANG_WARN_DIRECT_OBJC_ISA_USAGE = YES_ERROR;
				CLANG_WARN_DOCUMENTATION_COMMENTS = YES;
				CLANG_WARN_EMPTY_BODY = YES;
				CLANG_WARN_ENUM_CONVERSION = YES;
				CLANG_WARN_INFINITE_RECURSION = YES;
				CLANG_WARN_INT_CONVERSION = YES;
				CLANG_WARN_NON_LITERAL_NULL_CONVERSION = YES;
				CLANG_WARN_OBJC_IMPLICIT_RETAIN_SELF = YES;
				CLANG_WARN_OBJC_LITERAL_CONVERSION = YES;
				CLANG_WARN_OBJC_ROOT_CLASS = YES_ERROR;
				CLANG_WARN_RANGE_LOOP_ANALYSIS = YES;
				CLANG_WARN_STRICT_PROTOTYPES = YES;
				CLANG_WARN_SUSPICIOUS_MOVE = YES;
				CLANG_WARN_UNGUARDED_AVAILABILITY = YES_AGGRESSIVE;
				CLANG_WARN_UNREACHABLE_CODE = YES;
				CLANG_WARN__DUPLICATE_METHOD_MATCH = YES;
				CODE_SIGN_IDENTITY = "iPhone Developer";
				COPY_PHASE_STRIP = NO;
				DEBUG_INFORMATION_FORMAT = "dwarf-with-dsym";
				ENABLE_NS_ASSERTIONS = NO;
				ENABLE_STRICT_OBJC_MSGSEND = YES;
				GCC_C_LANGUAGE_STANDARD = gnu11;
				GCC_NO_COMMON_BLOCKS = YES;
				GCC_WARN_64_TO_32_BIT_CONVERSION = YES;
				GCC_WARN_ABOUT_RETURN_TYPE = YES_ERROR;
				GCC_WARN_UNDECLARED_SELECTOR = YES;
				GCC_WARN_UNINITIALIZED_AUTOS = YES_AGGRESSIVE;
				GCC_WARN_UNUSED_FUNCTION = YES;
				GCC_WARN_UNUSED_VARIABLE = YES;
				IPHONEOS_DEPLOYMENT_TARGET = 12.1;
				MTL_ENABLE_DEBUG_INFO = NO;
				MTL_FAST_MATH = YES;
				SDKROOT = iphoneos;
				SWIFT_COMPILATION_MODE = wholemodule;
				SWIFT_OPTIMIZATION_LEVEL = "-O";
				VALIDATE_PRODUCT = YES;
			};
			name = Release;
		};
		560108892223205600F98EF7 /* Debug */ = {
			isa = XCBuildConfiguration;
			buildSettings = {
				ASSETCATALOG_COMPILER_APPICON_NAME = AppIcon;
				CODE_SIGN_STYLE = Automatic;
				DEVELOPMENT_TEAM = 4A7XK4Q3M4;
				INFOPLIST_FILE = Shopper/Info.plist;
				LD_RUNPATH_SEARCH_PATHS = (
					"$(inherited)",
					"@executable_path/Frameworks",
				);
				PRODUCT_BUNDLE_IDENTIFIER = "com.Shopper-ish";
				PRODUCT_NAME = "$(TARGET_NAME)";
				SWIFT_VERSION = 4.2;
				TARGETED_DEVICE_FAMILY = "1,2";
			};
			name = Debug;
		};
		5601088A2223205600F98EF7 /* Release */ = {
			isa = XCBuildConfiguration;
			buildSettings = {
				ASSETCATALOG_COMPILER_APPICON_NAME = AppIcon;
				CODE_SIGN_STYLE = Automatic;
				DEVELOPMENT_TEAM = 4A7XK4Q3M4;
				INFOPLIST_FILE = Shopper/Info.plist;
				LD_RUNPATH_SEARCH_PATHS = (
					"$(inherited)",
					"@executable_path/Frameworks",
				);
				PRODUCT_BUNDLE_IDENTIFIER = "com.Shopper-ish";
				PRODUCT_NAME = "$(TARGET_NAME)";
				SWIFT_VERSION = 4.2;
				TARGETED_DEVICE_FAMILY = "1,2";
			};
			name = Release;
		};
/* End XCBuildConfiguration section */

/* Begin XCConfigurationList section */
		560108712223205400F98EF7 /* Build configuration list for PBXProject "Shopper" */ = {
			isa = XCConfigurationList;
			buildConfigurations = (
				560108862223205600F98EF7 /* Debug */,
				560108872223205600F98EF7 /* Release */,
			);
			defaultConfigurationIsVisible = 0;
			defaultConfigurationName = Release;
		};
		560108882223205600F98EF7 /* Build configuration list for PBXNativeTarget "Shopper" */ = {
			isa = XCConfigurationList;
			buildConfigurations = (
				560108892223205600F98EF7 /* Debug */,
				5601088A2223205600F98EF7 /* Release */,
			);
			defaultConfigurationIsVisible = 0;
			defaultConfigurationName = Release;
		};
/* End XCConfigurationList section */
	};
	rootObject = 5601086E2223205400F98EF7 /* Project object */;
}
