// !$*UTF8*$!
{
	archiveVersion = 1;
	classes = {
	};
	objectVersion = 50;
	objects = {

/* Begin PBXBuildFile section */
		0156DEE922737EAC004492E0 /* StreachyHeader.swift in Sources */ = {isa = PBXBuildFile; fileRef = 0156DEE822737EAC004492E0 /* StreachyHeader.swift */; };
		0156DEEB22737F2D004492E0 /* HeaderView.swift in Sources */ = {isa = PBXBuildFile; fileRef = 0156DEEA22737F2D004492E0 /* HeaderView.swift */; };
		0156DEED22737FFF004492E0 /* Extensions+UIView.swift in Sources */ = {isa = PBXBuildFile; fileRef = 0156DEEC22737FFF004492E0 /* Extensions+UIView.swift */; };
		0156DEEF2273A049004492E0 /* RoundEnum.swift in Sources */ = {isa = PBXBuildFile; fileRef = 0156DEEE2273A049004492E0 /* RoundEnum.swift */; };
		015DB34922673EA300BB696E /* DetailVC.swift in Sources */ = {isa = PBXBuildFile; fileRef = 015DB34822673EA300BB696E /* DetailVC.swift */; };
		015DB34B2267400900BB696E /* UiVIewExt.swift in Sources */ = {isa = PBXBuildFile; fileRef = 015DB34A2267400900BB696E /* UiVIewExt.swift */; };
		0189B82E226FAF1500F03393 /* DetailsCell.swift in Sources */ = {isa = PBXBuildFile; fileRef = 0189B82D226FAF1500F03393 /* DetailsCell.swift */; };
		01D79EB62266F727008F7DEE /* AppDelegate.swift in Sources */ = {isa = PBXBuildFile; fileRef = 01D79EB52266F727008F7DEE /* AppDelegate.swift */; };
		01D79EB82266F727008F7DEE /* InitVC.swift in Sources */ = {isa = PBXBuildFile; fileRef = 01D79EB72266F727008F7DEE /* InitVC.swift */; };
		01D79EBB2266F727008F7DEE /* Main.storyboard in Resources */ = {isa = PBXBuildFile; fileRef = 01D79EB92266F727008F7DEE /* Main.storyboard */; };
		01D79EBD2266F729008F7DEE /* Assets.xcassets in Resources */ = {isa = PBXBuildFile; fileRef = 01D79EBC2266F729008F7DEE /* Assets.xcassets */; };
		01D79EC02266F729008F7DEE /* LaunchScreen.storyboard in Resources */ = {isa = PBXBuildFile; fileRef = 01D79EBE2266F729008F7DEE /* LaunchScreen.storyboard */; };
		01D79ECB226701EC008F7DEE /* TripsVC.swift in Sources */ = {isa = PBXBuildFile; fileRef = 01D79ECA226701EC008F7DEE /* TripsVC.swift */; };
		01D79ECF22673711008F7DEE /* CircleImgExt.swift in Sources */ = {isa = PBXBuildFile; fileRef = 01D79ECE22673711008F7DEE /* CircleImgExt.swift */; };
		01F46B46226C73D50048AC82 /* TripsCell.swift in Sources */ = {isa = PBXBuildFile; fileRef = 01F46B45226C73D50048AC82 /* TripsCell.swift */; };
		152545F64762BC9CB2E2B823 /* Pods_My_Trips.framework in Frameworks */ = {isa = PBXBuildFile; fileRef = 2813B33F4762046572BF4A8F /* Pods_My_Trips.framework */; };
/* End PBXBuildFile section */

/* Begin PBXFileReference section */
		0156DEE822737EAC004492E0 /* StreachyHeader.swift */ = {isa = PBXFileReference; fileEncoding = 4; lastKnownFileType = sourcecode.swift; name = StreachyHeader.swift; path = "../../../streachy-header-collectionview/streachy-header-collectionview/views/StreachyHeader.swift"; sourceTree = "<group>"; };
		0156DEEA22737F2D004492E0 /* HeaderView.swift */ = {isa = PBXFileReference; fileEncoding = 4; lastKnownFileType = sourcecode.swift; name = HeaderView.swift; path = "../../../streachy-header-collectionview/streachy-header-collectionview/views/HeaderView.swift"; sourceTree = "<group>"; };
		0156DEEC22737FFF004492E0 /* Extensions+UIView.swift */ = {isa = PBXFileReference; fileEncoding = 4; lastKnownFileType = sourcecode.swift; name = "Extensions+UIView.swift"; path = "../../../streachy-header-collectionview/streachy-header-collectionview/extensions/Extensions+UIView.swift"; sourceTree = "<group>"; };
		0156DEEE2273A049004492E0 /* RoundEnum.swift */ = {isa = PBXFileReference; lastKnownFileType = sourcecode.swift; path = RoundEnum.swift; sourceTree = "<group>"; };
		015DB34822673EA300BB696E /* DetailVC.swift */ = {isa = PBXFileReference; lastKnownFileType = sourcecode.swift; path = DetailVC.swift; sourceTree = "<group>"; };
		015DB34A2267400900BB696E /* UiVIewExt.swift */ = {isa = PBXFileReference; lastKnownFileType = sourcecode.swift; path = UiVIewExt.swift; sourceTree = "<group>"; };
		0189B82D226FAF1500F03393 /* DetailsCell.swift */ = {isa = PBXFileReference; lastKnownFileType = sourcecode.swift; path = DetailsCell.swift; sourceTree = "<group>"; };
		01D79EB22266F727008F7DEE /* My Trips.app */ = {isa = PBXFileReference; explicitFileType = wrapper.application; includeInIndex = 0; path = "My Trips.app"; sourceTree = BUILT_PRODUCTS_DIR; };
		01D79EB52266F727008F7DEE /* AppDelegate.swift */ = {isa = PBXFileReference; lastKnownFileType = sourcecode.swift; path = AppDelegate.swift; sourceTree = "<group>"; };
		01D79EB72266F727008F7DEE /* InitVC.swift */ = {isa = PBXFileReference; lastKnownFileType = sourcecode.swift; path = InitVC.swift; sourceTree = "<group>"; };
		01D79EBA2266F727008F7DEE /* Base */ = {isa = PBXFileReference; lastKnownFileType = file.storyboard; name = Base; path = Base.lproj/Main.storyboard; sourceTree = "<group>"; };
		01D79EBC2266F729008F7DEE /* Assets.xcassets */ = {isa = PBXFileReference; lastKnownFileType = folder.assetcatalog; path = Assets.xcassets; sourceTree = "<group>"; };
		01D79EBF2266F729008F7DEE /* Base */ = {isa = PBXFileReference; lastKnownFileType = file.storyboard; name = Base; path = Base.lproj/LaunchScreen.storyboard; sourceTree = "<group>"; };
		01D79EC12266F729008F7DEE /* Info.plist */ = {isa = PBXFileReference; lastKnownFileType = text.plist.xml; path = Info.plist; sourceTree = "<group>"; };
		01D79ECA226701EC008F7DEE /* TripsVC.swift */ = {isa = PBXFileReference; lastKnownFileType = sourcecode.swift; path = TripsVC.swift; sourceTree = "<group>"; };
		01D79ECE22673711008F7DEE /* CircleImgExt.swift */ = {isa = PBXFileReference; lastKnownFileType = sourcecode.swift; path = CircleImgExt.swift; sourceTree = "<group>"; };
		01F46B45226C73D50048AC82 /* TripsCell.swift */ = {isa = PBXFileReference; fileEncoding = 4; lastKnownFileType = sourcecode.swift; path = TripsCell.swift; sourceTree = "<group>"; };
		2813B33F4762046572BF4A8F /* Pods_My_Trips.framework */ = {isa = PBXFileReference; explicitFileType = wrapper.framework; includeInIndex = 0; path = Pods_My_Trips.framework; sourceTree = BUILT_PRODUCTS_DIR; };
		3B12C8F4EB8B745D7D22641E /* Pods-My Trips.release.xcconfig */ = {isa = PBXFileReference; includeInIndex = 1; lastKnownFileType = text.xcconfig; name = "Pods-My Trips.release.xcconfig"; path = "Pods/Target Support Files/Pods-My Trips/Pods-My Trips.release.xcconfig"; sourceTree = "<group>"; };
		3FCA32A2149BE98E4AEFAF78 /* Pods-My Trips.debug.xcconfig */ = {isa = PBXFileReference; includeInIndex = 1; lastKnownFileType = text.xcconfig; name = "Pods-My Trips.debug.xcconfig"; path = "Pods/Target Support Files/Pods-My Trips/Pods-My Trips.debug.xcconfig"; sourceTree = "<group>"; };
/* End PBXFileReference section */

/* Begin PBXFrameworksBuildPhase section */
		01D79EAF2266F727008F7DEE /* Frameworks */ = {
			isa = PBXFrameworksBuildPhase;
			buildActionMask = 2147483647;
			files = (
				152545F64762BC9CB2E2B823 /* Pods_My_Trips.framework in Frameworks */,
			);
			runOnlyForDeploymentPostprocessing = 0;
		};
/* End PBXFrameworksBuildPhase section */

/* Begin PBXGroup section */
		0156DEF02273A05A004492E0 /* Enums */ = {
			isa = PBXGroup;
			children = (
				0156DEEE2273A049004492E0 /* RoundEnum.swift */,
			);
			path = Enums;
			sourceTree = "<group>";
		};
		01D79EA92266F727008F7DEE = {
			isa = PBXGroup;
			children = (
				01D79EB42266F727008F7DEE /* My Trips */,
				01D79EB32266F727008F7DEE /* Products */,
				85A8E0D2FAF5138CCF538A47 /* Pods */,
				7A5BDFBB1B577B558F0111C4 /* Frameworks */,
			);
			sourceTree = "<group>";
		};
		01D79EB32266F727008F7DEE /* Products */ = {
			isa = PBXGroup;
			children = (
				01D79EB22266F727008F7DEE /* My Trips.app */,
			);
			name = Products;
			sourceTree = "<group>";
		};
		01D79EB42266F727008F7DEE /* My Trips */ = {
			isa = PBXGroup;
			children = (
				0156DEF02273A05A004492E0 /* Enums */,
				01D79EC92266F835008F7DEE /* Extensions */,
				01D79EC82266F82F008F7DEE /* Views */,
				01D79EC72266F828008F7DEE /* Controllers */,
				01D79EB52266F727008F7DEE /* AppDelegate.swift */,
				01D79EB92266F727008F7DEE /* Main.storyboard */,
				01D79EBC2266F729008F7DEE /* Assets.xcassets */,
				01D79EBE2266F729008F7DEE /* LaunchScreen.storyboard */,
				01D79EC12266F729008F7DEE /* Info.plist */,
			);
			path = "My Trips";
			sourceTree = "<group>";
		};
		01D79EC72266F828008F7DEE /* Controllers */ = {
			isa = PBXGroup;
			children = (
				01D79EB72266F727008F7DEE /* InitVC.swift */,
				01D79ECA226701EC008F7DEE /* TripsVC.swift */,
				015DB34822673EA300BB696E /* DetailVC.swift */,
			);
			path = Controllers;
			sourceTree = "<group>";
		};
		01D79EC82266F82F008F7DEE /* Views */ = {
			isa = PBXGroup;
			children = (
				0156DEEA22737F2D004492E0 /* HeaderView.swift */,
				0156DEE822737EAC004492E0 /* StreachyHeader.swift */,
				01F46B45226C73D50048AC82 /* TripsCell.swift */,
				0189B82D226FAF1500F03393 /* DetailsCell.swift */,
			);
			path = Views;
			sourceTree = "<group>";
		};
		01D79EC92266F835008F7DEE /* Extensions */ = {
			isa = PBXGroup;
			children = (
				0156DEEC22737FFF004492E0 /* Extensions+UIView.swift */,
				01D79ECE22673711008F7DEE /* CircleImgExt.swift */,
				015DB34A2267400900BB696E /* UiVIewExt.swift */,
			);
			path = Extensions;
			sourceTree = "<group>";
		};
		7A5BDFBB1B577B558F0111C4 /* Frameworks */ = {
			isa = PBXGroup;
			children = (
				2813B33F4762046572BF4A8F /* Pods_My_Trips.framework */,
			);
			name = Frameworks;
			sourceTree = "<group>";
		};
		85A8E0D2FAF5138CCF538A47 /* Pods */ = {
			isa = PBXGroup;
			children = (
				3FCA32A2149BE98E4AEFAF78 /* Pods-My Trips.debug.xcconfig */,
				3B12C8F4EB8B745D7D22641E /* Pods-My Trips.release.xcconfig */,
			);
			name = Pods;
			sourceTree = "<group>";
		};
/* End PBXGroup section */

/* Begin PBXNativeTarget section */
		01D79EB12266F727008F7DEE /* My Trips */ = {
			isa = PBXNativeTarget;
			buildConfigurationList = 01D79EC42266F729008F7DEE /* Build configuration list for PBXNativeTarget "My Trips" */;
			buildPhases = (
				A7626ADE7220BCE128BE3DE9 /* [CP] Check Pods Manifest.lock */,
				01D79EAE2266F727008F7DEE /* Sources */,
				01D79EAF2266F727008F7DEE /* Frameworks */,
				01D79EB02266F727008F7DEE /* Resources */,
				5290814390F8FE7C6138DC39 /* [CP] Embed Pods Frameworks */,
			);
			buildRules = (
			);
			dependencies = (
			);
			name = "My Trips";
			productName = "My Trips";
			productReference = 01D79EB22266F727008F7DEE /* My Trips.app */;
			productType = "com.apple.product-type.application";
		};
/* End PBXNativeTarget section */

/* Begin PBXProject section */
		01D79EAA2266F727008F7DEE /* Project object */ = {
			isa = PBXProject;
			attributes = {
				LastSwiftUpdateCheck = 1020;
				LastUpgradeCheck = 1020;
				ORGANIZATIONNAME = "Ishraqe Manjur";
				TargetAttributes = {
					01D79EB12266F727008F7DEE = {
						CreatedOnToolsVersion = 10.2;
					};
				};
			};
			buildConfigurationList = 01D79EAD2266F727008F7DEE /* Build configuration list for PBXProject "My Trips" */;
			compatibilityVersion = "Xcode 9.3";
			developmentRegion = en;
			hasScannedForEncodings = 0;
			knownRegions = (
				en,
				Base,
			);
			mainGroup = 01D79EA92266F727008F7DEE;
			productRefGroup = 01D79EB32266F727008F7DEE /* Products */;
			projectDirPath = "";
			projectRoot = "";
			targets = (
				01D79EB12266F727008F7DEE /* My Trips */,
			);
		};
/* End PBXProject section */

/* Begin PBXResourcesBuildPhase section */
		01D79EB02266F727008F7DEE /* Resources */ = {
			isa = PBXResourcesBuildPhase;
			buildActionMask = 2147483647;
			files = (
				01D79EC02266F729008F7DEE /* LaunchScreen.storyboard in Resources */,
				01D79EBD2266F729008F7DEE /* Assets.xcassets in Resources */,
				01D79EBB2266F727008F7DEE /* Main.storyboard in Resources */,
			);
			runOnlyForDeploymentPostprocessing = 0;
		};
/* End PBXResourcesBuildPhase section */

/* Begin PBXShellScriptBuildPhase section */
		5290814390F8FE7C6138DC39 /* [CP] Embed Pods Frameworks */ = {
			isa = PBXShellScriptBuildPhase;
			buildActionMask = 2147483647;
			files = (
			);
			inputPaths = (
				"${SRCROOT}/Pods/Target Support Files/Pods-My Trips/Pods-My Trips-frameworks.sh",
				"${BUILT_PRODUCTS_DIR}/Hero/Hero.framework",
				"${BUILT_PRODUCTS_DIR}/ParallaxHeader/ParallaxHeader.framework",
				"${BUILT_PRODUCTS_DIR}/SnapKit/SnapKit.framework",
				"${BUILT_PRODUCTS_DIR}/ViewAnimator/ViewAnimator.framework",
			);
			name = "[CP] Embed Pods Frameworks";
			outputPaths = (
				"${TARGET_BUILD_DIR}/${FRAMEWORKS_FOLDER_PATH}/Hero.framework",
				"${TARGET_BUILD_DIR}/${FRAMEWORKS_FOLDER_PATH}/ParallaxHeader.framework",
				"${TARGET_BUILD_DIR}/${FRAMEWORKS_FOLDER_PATH}/SnapKit.framework",
				"${TARGET_BUILD_DIR}/${FRAMEWORKS_FOLDER_PATH}/ViewAnimator.framework",
			);
			runOnlyForDeploymentPostprocessing = 0;
			shellPath = /bin/sh;
			shellScript = "\"${SRCROOT}/Pods/Target Support Files/Pods-My Trips/Pods-My Trips-frameworks.sh\"\n";
			showEnvVarsInLog = 0;
		};
		A7626ADE7220BCE128BE3DE9 /* [CP] Check Pods Manifest.lock */ = {
			isa = PBXShellScriptBuildPhase;
			buildActionMask = 2147483647;
			files = (
			);
			inputPaths = (
				"${PODS_PODFILE_DIR_PATH}/Podfile.lock",
				"${PODS_ROOT}/Manifest.lock",
			);
			name = "[CP] Check Pods Manifest.lock";
			outputPaths = (
				"$(DERIVED_FILE_DIR)/Pods-My Trips-checkManifestLockResult.txt",
			);
			runOnlyForDeploymentPostprocessing = 0;
			shellPath = /bin/sh;
			shellScript = "diff \"${PODS_PODFILE_DIR_PATH}/Podfile.lock\" \"${PODS_ROOT}/Manifest.lock\" > /dev/null\nif [ $? != 0 ] ; then\n    # print error to STDERR\n    echo \"error: The sandbox is not in sync with the Podfile.lock. Run 'pod install' or update your CocoaPods installation.\" >&2\n    exit 1\nfi\n# This output is used by Xcode 'outputs' to avoid re-running this script phase.\necho \"SUCCESS\" > \"${SCRIPT_OUTPUT_FILE_0}\"\n";
			showEnvVarsInLog = 0;
		};
/* End PBXShellScriptBuildPhase section */

/* Begin PBXSourcesBuildPhase section */
		01D79EAE2266F727008F7DEE /* Sources */ = {
			isa = PBXSourcesBuildPhase;
			buildActionMask = 2147483647;
			files = (
				0156DEED22737FFF004492E0 /* Extensions+UIView.swift in Sources */,
				015DB34B2267400900BB696E /* UiVIewExt.swift in Sources */,
				01D79EB82266F727008F7DEE /* InitVC.swift in Sources */,
				0189B82E226FAF1500F03393 /* DetailsCell.swift in Sources */,
				01D79ECB226701EC008F7DEE /* TripsVC.swift in Sources */,
				01D79ECF22673711008F7DEE /* CircleImgExt.swift in Sources */,
				0156DEEB22737F2D004492E0 /* HeaderView.swift in Sources */,
				01D79EB62266F727008F7DEE /* AppDelegate.swift in Sources */,
				01F46B46226C73D50048AC82 /* TripsCell.swift in Sources */,
				015DB34922673EA300BB696E /* DetailVC.swift in Sources */,
				0156DEE922737EAC004492E0 /* StreachyHeader.swift in Sources */,
				0156DEEF2273A049004492E0 /* RoundEnum.swift in Sources */,
			);
			runOnlyForDeploymentPostprocessing = 0;
		};
/* End PBXSourcesBuildPhase section */

/* Begin PBXVariantGroup section */
		01D79EB92266F727008F7DEE /* Main.storyboard */ = {
			isa = PBXVariantGroup;
			children = (
				01D79EBA2266F727008F7DEE /* Base */,
			);
			name = Main.storyboard;
			sourceTree = "<group>";
		};
		01D79EBE2266F729008F7DEE /* LaunchScreen.storyboard */ = {
			isa = PBXVariantGroup;
			children = (
				01D79EBF2266F729008F7DEE /* Base */,
			);
			name = LaunchScreen.storyboard;
			sourceTree = "<group>";
		};
/* End PBXVariantGroup section */

/* Begin XCBuildConfiguration section */
		01D79EC22266F729008F7DEE /* Debug */ = {
			isa = XCBuildConfiguration;
			buildSettings = {
				ALWAYS_SEARCH_USER_PATHS = NO;
				CLANG_ANALYZER_NONNULL = YES;
				CLANG_ANALYZER_NUMBER_OBJECT_CONVERSION = YES_AGGRESSIVE;
				CLANG_CXX_LANGUAGE_STANDARD = "gnu++14";
				CLANG_CXX_LIBRARY = "libc++";
				CLANG_ENABLE_MODULES = YES;
				CLANG_ENABLE_OBJC_ARC = YES;
				CLANG_ENABLE_OBJC_WEAK = YES;
				CLANG_WARN_BLOCK_CAPTURE_AUTORELEASING = YES;
				CLANG_WARN_BOOL_CONVERSION = YES;
				CLANG_WARN_COMMA = YES;
				CLANG_WARN_CONSTANT_CONVERSION = YES;
				CLANG_WARN_DEPRECATED_OBJC_IMPLEMENTATIONS = YES;
				CLANG_WARN_DIRECT_OBJC_ISA_USAGE = YES_ERROR;
				CLANG_WARN_DOCUMENTATION_COMMENTS = YES;
				CLANG_WARN_EMPTY_BODY = YES;
				CLANG_WARN_ENUM_CONVERSION = YES;
				CLANG_WARN_INFINITE_RECURSION = YES;
				CLANG_WARN_INT_CONVERSION = YES;
				CLANG_WARN_NON_LITERAL_NULL_CONVERSION = YES;
				CLANG_WARN_OBJC_IMPLICIT_RETAIN_SELF = YES;
				CLANG_WARN_OBJC_LITERAL_CONVERSION = YES;
				CLANG_WARN_OBJC_ROOT_CLASS = YES_ERROR;
				CLANG_WARN_RANGE_LOOP_ANALYSIS = YES;
				CLANG_WARN_STRICT_PROTOTYPES = YES;
				CLANG_WARN_SUSPICIOUS_MOVE = YES;
				CLANG_WARN_UNGUARDED_AVAILABILITY = YES_AGGRESSIVE;
				CLANG_WARN_UNREACHABLE_CODE = YES;
				CLANG_WARN__DUPLICATE_METHOD_MATCH = YES;
				CODE_SIGN_IDENTITY = "iPhone Developer";
				COPY_PHASE_STRIP = NO;
				DEBUG_INFORMATION_FORMAT = dwarf;
				ENABLE_STRICT_OBJC_MSGSEND = YES;
				ENABLE_TESTABILITY = YES;
				GCC_C_LANGUAGE_STANDARD = gnu11;
				GCC_DYNAMIC_NO_PIC = NO;
				GCC_NO_COMMON_BLOCKS = YES;
				GCC_OPTIMIZATION_LEVEL = 0;
				GCC_PREPROCESSOR_DEFINITIONS = (
					"DEBUG=1",
					"$(inherited)",
				);
				GCC_WARN_64_TO_32_BIT_CONVERSION = YES;
				GCC_WARN_ABOUT_RETURN_TYPE = YES_ERROR;
				GCC_WARN_UNDECLARED_SELECTOR = YES;
				GCC_WARN_UNINITIALIZED_AUTOS = YES_AGGRESSIVE;
				GCC_WARN_UNUSED_FUNCTION = YES;
				GCC_WARN_UNUSED_VARIABLE = YES;
				IPHONEOS_DEPLOYMENT_TARGET = 12.2;
				MTL_ENABLE_DEBUG_INFO = INCLUDE_SOURCE;
				MTL_FAST_MATH = YES;
				ONLY_ACTIVE_ARCH = YES;
				SDKROOT = iphoneos;
				SWIFT_ACTIVE_COMPILATION_CONDITIONS = DEBUG;
				SWIFT_OPTIMIZATION_LEVEL = "-Onone";
			};
			name = Debug;
		};
		01D79EC32266F729008F7DEE /* Release */ = {
			isa = XCBuildConfiguration;
			buildSettings = {
				ALWAYS_SEARCH_USER_PATHS = NO;
				CLANG_ANALYZER_NONNULL = YES;
				CLANG_ANALYZER_NUMBER_OBJECT_CONVERSION = YES_AGGRESSIVE;
				CLANG_CXX_LANGUAGE_STANDARD = "gnu++14";
				CLANG_CXX_LIBRARY = "libc++";
				CLANG_ENABLE_MODULES = YES;
				CLANG_ENABLE_OBJC_ARC = YES;
				CLANG_ENABLE_OBJC_WEAK = YES;
				CLANG_WARN_BLOCK_CAPTURE_AUTORELEASING = YES;
				CLANG_WARN_BOOL_CONVERSION = YES;
				CLANG_WARN_COMMA = YES;
				CLANG_WARN_CONSTANT_CONVERSION = YES;
				CLANG_WARN_DEPRECATED_OBJC_IMPLEMENTATIONS = YES;
				CLANG_WARN_DIRECT_OBJC_ISA_USAGE = YES_ERROR;
				CLANG_WARN_DOCUMENTATION_COMMENTS = YES;
				CLANG_WARN_EMPTY_BODY = YES;
				CLANG_WARN_ENUM_CONVERSION = YES;
				CLANG_WARN_INFINITE_RECURSION = YES;
				CLANG_WARN_INT_CONVERSION = YES;
				CLANG_WARN_NON_LITERAL_NULL_CONVERSION = YES;
				CLANG_WARN_OBJC_IMPLICIT_RETAIN_SELF = YES;
				CLANG_WARN_OBJC_LITERAL_CONVERSION = YES;
				CLANG_WARN_OBJC_ROOT_CLASS = YES_ERROR;
				CLANG_WARN_RANGE_LOOP_ANALYSIS = YES;
				CLANG_WARN_STRICT_PROTOTYPES = YES;
				CLANG_WARN_SUSPICIOUS_MOVE = YES;
				CLANG_WARN_UNGUARDED_AVAILABILITY = YES_AGGRESSIVE;
				CLANG_WARN_UNREACHABLE_CODE = YES;
				CLANG_WARN__DUPLICATE_METHOD_MATCH = YES;
				CODE_SIGN_IDENTITY = "iPhone Developer";
				COPY_PHASE_STRIP = NO;
				DEBUG_INFORMATION_FORMAT = "dwarf-with-dsym";
				ENABLE_NS_ASSERTIONS = NO;
				ENABLE_STRICT_OBJC_MSGSEND = YES;
				GCC_C_LANGUAGE_STANDARD = gnu11;
				GCC_NO_COMMON_BLOCKS = YES;
				GCC_WARN_64_TO_32_BIT_CONVERSION = YES;
				GCC_WARN_ABOUT_RETURN_TYPE = YES_ERROR;
				GCC_WARN_UNDECLARED_SELECTOR = YES;
				GCC_WARN_UNINITIALIZED_AUTOS = YES_AGGRESSIVE;
				GCC_WARN_UNUSED_FUNCTION = YES;
				GCC_WARN_UNUSED_VARIABLE = YES;
				IPHONEOS_DEPLOYMENT_TARGET = 12.2;
				MTL_ENABLE_DEBUG_INFO = NO;
				MTL_FAST_MATH = YES;
				SDKROOT = iphoneos;
				SWIFT_COMPILATION_MODE = wholemodule;
				SWIFT_OPTIMIZATION_LEVEL = "-O";
				VALIDATE_PRODUCT = YES;
			};
			name = Release;
		};
		01D79EC52266F729008F7DEE /* Debug */ = {
			isa = XCBuildConfiguration;
			baseConfigurationReference = 3FCA32A2149BE98E4AEFAF78 /* Pods-My Trips.debug.xcconfig */;
			buildSettings = {
				ASSETCATALOG_COMPILER_APPICON_NAME = AppIcon;
				CODE_SIGN_STYLE = Automatic;
				DEVELOPMENT_TEAM = 4A7XK4Q3M4;
				INFOPLIST_FILE = "My Trips/Info.plist";
				LD_RUNPATH_SEARCH_PATHS = (
					"$(inherited)",
					"@executable_path/Frameworks",
				);
				PRODUCT_BUNDLE_IDENTIFIER = com.MyTrips.ishraqe;
				PRODUCT_NAME = "$(TARGET_NAME)";
				SWIFT_VERSION = 5.0;
				TARGETED_DEVICE_FAMILY = "1,2";
			};
			name = Debug;
		};
		01D79EC62266F729008F7DEE /* Release */ = {
			isa = XCBuildConfiguration;
			baseConfigurationReference = 3B12C8F4EB8B745D7D22641E /* Pods-My Trips.release.xcconfig */;
			buildSettings = {
				ASSETCATALOG_COMPILER_APPICON_NAME = AppIcon;
				CODE_SIGN_STYLE = Automatic;
				DEVELOPMENT_TEAM = 4A7XK4Q3M4;
				INFOPLIST_FILE = "My Trips/Info.plist";
				LD_RUNPATH_SEARCH_PATHS = (
					"$(inherited)",
					"@executable_path/Frameworks",
				);
				PRODUCT_BUNDLE_IDENTIFIER = com.MyTrips.ishraqe;
				PRODUCT_NAME = "$(TARGET_NAME)";
				SWIFT_VERSION = 5.0;
				TARGETED_DEVICE_FAMILY = "1,2";
			};
			name = Release;
		};
/* End XCBuildConfiguration section */

/* Begin XCConfigurationList section */
		01D79EAD2266F727008F7DEE /* Build configuration list for PBXProject "My Trips" */ = {
			isa = XCConfigurationList;
			buildConfigurations = (
				01D79EC22266F729008F7DEE /* Debug */,
				01D79EC32266F729008F7DEE /* Release */,
			);
			defaultConfigurationIsVisible = 0;
			defaultConfigurationName = Release;
		};
		01D79EC42266F729008F7DEE /* Build configuration list for PBXNativeTarget "My Trips" */ = {
			isa = XCConfigurationList;
			buildConfigurations = (
				01D79EC52266F729008F7DEE /* Debug */,
				01D79EC62266F729008F7DEE /* Release */,
			);
			defaultConfigurationIsVisible = 0;
			defaultConfigurationName = Release;
		};
/* End XCConfigurationList section */
	};
	rootObject = 01D79EAA2266F727008F7DEE /* Project object */;
}
