// !$*UTF8*$!
{
	archiveVersion = 1;
	classes = {
	};
	objectVersion = 50;
	objects = {

/* Begin PBXBuildFile section */
		015BDE6A225A109C0059D261 /* GoalType.swift in Sources */ = {isa = PBXBuildFile; fileRef = 015BDE69225A109C0059D261 /* GoalType.swift */; };
		015BDE6C225A16E80059D261 /* CreateGoalVC.swift in Sources */ = {isa = PBXBuildFile; fileRef = 015BDE6B225A16E80059D261 /* CreateGoalVC.swift */; };
		015BDE6E225A216F0059D261 /* UIViewControllerExt.swift in Sources */ = {isa = PBXBuildFile; fileRef = 015BDE6D225A216F0059D261 /* UIViewControllerExt.swift */; };
		015BDE70225A265C0059D261 /* UiViewExt.swift in Sources */ = {isa = PBXBuildFile; fileRef = 015BDE6F225A265C0059D261 /* UiViewExt.swift */; };
		015BDE72225A29150059D261 /* UIButtonExt.swift in Sources */ = {isa = PBXBuildFile; fileRef = 015BDE71225A29150059D261 /* UIButtonExt.swift */; };
		01FDA62422592C46001939CB /* AppDelegate.swift in Sources */ = {isa = PBXBuildFile; fileRef = 01FDA62322592C46001939CB /* AppDelegate.swift */; };
		01FDA62622592C46001939CB /* GoalVC.swift in Sources */ = {isa = PBXBuildFile; fileRef = 01FDA62522592C46001939CB /* GoalVC.swift */; };
		01FDA62922592C46001939CB /* Main.storyboard in Resources */ = {isa = PBXBuildFile; fileRef = 01FDA62722592C46001939CB /* Main.storyboard */; };
		01FDA62C22592C46001939CB /* Goal_Challenge.xcdatamodeld in Sources */ = {isa = PBXBuildFile; fileRef = 01FDA62A22592C46001939CB /* Goal_Challenge.xcdatamodeld */; };
		01FDA62E22592C47001939CB /* Assets.xcassets in Resources */ = {isa = PBXBuildFile; fileRef = 01FDA62D22592C47001939CB /* Assets.xcassets */; };
		01FDA63122592C47001939CB /* LaunchScreen.storyboard in Resources */ = {isa = PBXBuildFile; fileRef = 01FDA62F22592C47001939CB /* LaunchScreen.storyboard */; };
		01FDA63D22593841001939CB /* GoalCell.swift in Sources */ = {isa = PBXBuildFile; fileRef = 01FDA63C22593841001939CB /* GoalCell.swift */; };
/* End PBXBuildFile section */

/* Begin PBXFileReference section */
		015BDE69225A109C0059D261 /* GoalType.swift */ = {isa = PBXFileReference; lastKnownFileType = sourcecode.swift; path = GoalType.swift; sourceTree = "<group>"; };
		015BDE6B225A16E80059D261 /* CreateGoalVC.swift */ = {isa = PBXFileReference; lastKnownFileType = sourcecode.swift; path = CreateGoalVC.swift; sourceTree = "<group>"; };
		015BDE6D225A216F0059D261 /* UIViewControllerExt.swift */ = {isa = PBXFileReference; lastKnownFileType = sourcecode.swift; path = UIViewControllerExt.swift; sourceTree = "<group>"; };
		015BDE6F225A265C0059D261 /* UiViewExt.swift */ = {isa = PBXFileReference; lastKnownFileType = sourcecode.swift; path = UiViewExt.swift; sourceTree = "<group>"; };
		015BDE71225A29150059D261 /* UIButtonExt.swift */ = {isa = PBXFileReference; lastKnownFileType = sourcecode.swift; path = UIButtonExt.swift; sourceTree = "<group>"; };
		01FDA62022592C46001939CB /* Goal Challenge.app */ = {isa = PBXFileReference; explicitFileType = wrapper.application; includeInIndex = 0; path = "Goal Challenge.app"; sourceTree = BUILT_PRODUCTS_DIR; };
		01FDA62322592C46001939CB /* AppDelegate.swift */ = {isa = PBXFileReference; lastKnownFileType = sourcecode.swift; path = AppDelegate.swift; sourceTree = "<group>"; };
		01FDA62522592C46001939CB /* GoalVC.swift */ = {isa = PBXFileReference; lastKnownFileType = sourcecode.swift; path = GoalVC.swift; sourceTree = "<group>"; };
		01FDA62822592C46001939CB /* Base */ = {isa = PBXFileReference; lastKnownFileType = file.storyboard; name = Base; path = Base.lproj/Main.storyboard; sourceTree = "<group>"; };
		01FDA62B22592C46001939CB /* Goal_Challenge.xcdatamodel */ = {isa = PBXFileReference; lastKnownFileType = wrapper.xcdatamodel; path = Goal_Challenge.xcdatamodel; sourceTree = "<group>"; };
		01FDA62D22592C47001939CB /* Assets.xcassets */ = {isa = PBXFileReference; lastKnownFileType = folder.assetcatalog; path = Assets.xcassets; sourceTree = "<group>"; };
		01FDA63022592C47001939CB /* Base */ = {isa = PBXFileReference; lastKnownFileType = file.storyboard; name = Base; path = Base.lproj/LaunchScreen.storyboard; sourceTree = "<group>"; };
		01FDA63222592C47001939CB /* Info.plist */ = {isa = PBXFileReference; lastKnownFileType = text.plist.xml; path = Info.plist; sourceTree = "<group>"; };
		01FDA63C22593841001939CB /* GoalCell.swift */ = {isa = PBXFileReference; lastKnownFileType = sourcecode.swift; path = GoalCell.swift; sourceTree = "<group>"; };
/* End PBXFileReference section */

/* Begin PBXFrameworksBuildPhase section */
		01FDA61D22592C46001939CB /* Frameworks */ = {
			isa = PBXFrameworksBuildPhase;
			buildActionMask = 2147483647;
			files = (
			);
			runOnlyForDeploymentPostprocessing = 0;
		};
/* End PBXFrameworksBuildPhase section */

/* Begin PBXGroup section */
		01FDA61722592C46001939CB = {
			isa = PBXGroup;
			children = (
				01FDA62222592C46001939CB /* Goal Challenge */,
				01FDA62122592C46001939CB /* Products */,
			);
			sourceTree = "<group>";
		};
		01FDA62122592C46001939CB /* Products */ = {
			isa = PBXGroup;
			children = (
				01FDA62022592C46001939CB /* Goal Challenge.app */,
			);
			name = Products;
			sourceTree = "<group>";
		};
		01FDA62222592C46001939CB /* Goal Challenge */ = {
			isa = PBXGroup;
			children = (
				01FDA63B22592CB1001939CB /* Enums */,
				01FDA63A22592CAA001939CB /* Extensions */,
				01FDA63922592CA3001939CB /* Views */,
				01FDA63822592C97001939CB /* Controllers */,
				01FDA62322592C46001939CB /* AppDelegate.swift */,
				01FDA62722592C46001939CB /* Main.storyboard */,
				01FDA62D22592C47001939CB /* Assets.xcassets */,
				01FDA62F22592C47001939CB /* LaunchScreen.storyboard */,
				01FDA63222592C47001939CB /* Info.plist */,
				01FDA62A22592C46001939CB /* Goal_Challenge.xcdatamodeld */,
			);
			path = "Goal Challenge";
			sourceTree = "<group>";
		};
		01FDA63822592C97001939CB /* Controllers */ = {
			isa = PBXGroup;
			children = (
				01FDA62522592C46001939CB /* GoalVC.swift */,
				015BDE6B225A16E80059D261 /* CreateGoalVC.swift */,
			);
			path = Controllers;
			sourceTree = "<group>";
		};
		01FDA63922592CA3001939CB /* Views */ = {
			isa = PBXGroup;
			children = (
				01FDA63C22593841001939CB /* GoalCell.swift */,
			);
			path = Views;
			sourceTree = "<group>";
		};
		01FDA63A22592CAA001939CB /* Extensions */ = {
			isa = PBXGroup;
			children = (
				015BDE6D225A216F0059D261 /* UIViewControllerExt.swift */,
				015BDE6F225A265C0059D261 /* UiViewExt.swift */,
				015BDE71225A29150059D261 /* UIButtonExt.swift */,
			);
			path = Extensions;
			sourceTree = "<group>";
		};
		01FDA63B22592CB1001939CB /* Enums */ = {
			isa = PBXGroup;
			children = (
				015BDE69225A109C0059D261 /* GoalType.swift */,
			);
			path = Enums;
			sourceTree = "<group>";
		};
/* End PBXGroup section */

/* Begin PBXNativeTarget section */
		01FDA61F22592C46001939CB /* Goal Challenge */ = {
			isa = PBXNativeTarget;
			buildConfigurationList = 01FDA63522592C47001939CB /* Build configuration list for PBXNativeTarget "Goal Challenge" */;
			buildPhases = (
				01FDA61C22592C46001939CB /* Sources */,
				01FDA61D22592C46001939CB /* Frameworks */,
				01FDA61E22592C46001939CB /* Resources */,
			);
			buildRules = (
			);
			dependencies = (
			);
			name = "Goal Challenge";
			productName = "Goal Challenge";
			productReference = 01FDA62022592C46001939CB /* Goal Challenge.app */;
			productType = "com.apple.product-type.application";
		};
/* End PBXNativeTarget section */

/* Begin PBXProject section */
		01FDA61822592C46001939CB /* Project object */ = {
			isa = PBXProject;
			attributes = {
				LastSwiftUpdateCheck = 1020;
				LastUpgradeCheck = 1020;
				ORGANIZATIONNAME = "Ishraqe Manjur";
				TargetAttributes = {
					01FDA61F22592C46001939CB = {
						CreatedOnToolsVersion = 10.2;
					};
				};
			};
			buildConfigurationList = 01FDA61B22592C46001939CB /* Build configuration list for PBXProject "Goal Challenge" */;
			compatibilityVersion = "Xcode 9.3";
			developmentRegion = en;
			hasScannedForEncodings = 0;
			knownRegions = (
				en,
				Base,
			);
			mainGroup = 01FDA61722592C46001939CB;
			productRefGroup = 01FDA62122592C46001939CB /* Products */;
			projectDirPath = "";
			projectRoot = "";
			targets = (
				01FDA61F22592C46001939CB /* Goal Challenge */,
			);
		};
/* End PBXProject section */

/* Begin PBXResourcesBuildPhase section */
		01FDA61E22592C46001939CB /* Resources */ = {
			isa = PBXResourcesBuildPhase;
			buildActionMask = 2147483647;
			files = (
				01FDA63122592C47001939CB /* LaunchScreen.storyboard in Resources */,
				01FDA62E22592C47001939CB /* Assets.xcassets in Resources */,
				01FDA62922592C46001939CB /* Main.storyboard in Resources */,
			);
			runOnlyForDeploymentPostprocessing = 0;
		};
/* End PBXResourcesBuildPhase section */

/* Begin PBXSourcesBuildPhase section */
		01FDA61C22592C46001939CB /* Sources */ = {
			isa = PBXSourcesBuildPhase;
			buildActionMask = 2147483647;
			files = (
				01FDA63D22593841001939CB /* GoalCell.swift in Sources */,
				015BDE6C225A16E80059D261 /* CreateGoalVC.swift in Sources */,
				015BDE6A225A109C0059D261 /* GoalType.swift in Sources */,
				01FDA62622592C46001939CB /* GoalVC.swift in Sources */,
				015BDE70225A265C0059D261 /* UiViewExt.swift in Sources */,
				01FDA62422592C46001939CB /* AppDelegate.swift in Sources */,
				015BDE6E225A216F0059D261 /* UIViewControllerExt.swift in Sources */,
				015BDE72225A29150059D261 /* UIButtonExt.swift in Sources */,
				01FDA62C22592C46001939CB /* Goal_Challenge.xcdatamodeld in Sources */,
			);
			runOnlyForDeploymentPostprocessing = 0;
		};
/* End PBXSourcesBuildPhase section */

/* Begin PBXVariantGroup section */
		01FDA62722592C46001939CB /* Main.storyboard */ = {
			isa = PBXVariantGroup;
			children = (
				01FDA62822592C46001939CB /* Base */,
			);
			name = Main.storyboard;
			sourceTree = "<group>";
		};
		01FDA62F22592C47001939CB /* LaunchScreen.storyboard */ = {
			isa = PBXVariantGroup;
			children = (
				01FDA63022592C47001939CB /* Base */,
			);
			name = LaunchScreen.storyboard;
			sourceTree = "<group>";
		};
/* End PBXVariantGroup section */

/* Begin XCBuildConfiguration section */
		01FDA63322592C47001939CB /* Debug */ = {
			isa = XCBuildConfiguration;
			buildSettings = {
				ALWAYS_SEARCH_USER_PATHS = NO;
				CLANG_ANALYZER_NONNULL = YES;
				CLANG_ANALYZER_NUMBER_OBJECT_CONVERSION = YES_AGGRESSIVE;
				CLANG_CXX_LANGUAGE_STANDARD = "gnu++14";
				CLANG_CXX_LIBRARY = "libc++";
				CLANG_ENABLE_MODULES = YES;
				CLANG_ENABLE_OBJC_ARC = YES;
				CLANG_ENABLE_OBJC_WEAK = YES;
				CLANG_WARN_BLOCK_CAPTURE_AUTORELEASING = YES;
				CLANG_WARN_BOOL_CONVERSION = YES;
				CLANG_WARN_COMMA = YES;
				CLANG_WARN_CONSTANT_CONVERSION = YES;
				CLANG_WARN_DEPRECATED_OBJC_IMPLEMENTATIONS = YES;
				CLANG_WARN_DIRECT_OBJC_ISA_USAGE = YES_ERROR;
				CLANG_WARN_DOCUMENTATION_COMMENTS = YES;
				CLANG_WARN_EMPTY_BODY = YES;
				CLANG_WARN_ENUM_CONVERSION = YES;
				CLANG_WARN_INFINITE_RECURSION = YES;
				CLANG_WARN_INT_CONVERSION = YES;
				CLANG_WARN_NON_LITERAL_NULL_CONVERSION = YES;
				CLANG_WARN_OBJC_IMPLICIT_RETAIN_SELF = YES;
				CLANG_WARN_OBJC_LITERAL_CONVERSION = YES;
				CLANG_WARN_OBJC_ROOT_CLASS = YES_ERROR;
				CLANG_WARN_RANGE_LOOP_ANALYSIS = YES;
				CLANG_WARN_STRICT_PROTOTYPES = YES;
				CLANG_WARN_SUSPICIOUS_MOVE = YES;
				CLANG_WARN_UNGUARDED_AVAILABILITY = YES_AGGRESSIVE;
				CLANG_WARN_UNREACHABLE_CODE = YES;
				CLANG_WARN__DUPLICATE_METHOD_MATCH = YES;
				CODE_SIGN_IDENTITY = "iPhone Developer";
				COPY_PHASE_STRIP = NO;
				DEBUG_INFORMATION_FORMAT = dwarf;
				ENABLE_STRICT_OBJC_MSGSEND = YES;
				ENABLE_TESTABILITY = YES;
				GCC_C_LANGUAGE_STANDARD = gnu11;
				GCC_DYNAMIC_NO_PIC = NO;
				GCC_NO_COMMON_BLOCKS = YES;
				GCC_OPTIMIZATION_LEVEL = 0;
				GCC_PREPROCESSOR_DEFINITIONS = (
					"DEBUG=1",
					"$(inherited)",
				);
				GCC_WARN_64_TO_32_BIT_CONVERSION = YES;
				GCC_WARN_ABOUT_RETURN_TYPE = YES_ERROR;
				GCC_WARN_UNDECLARED_SELECTOR = YES;
				GCC_WARN_UNINITIALIZED_AUTOS = YES_AGGRESSIVE;
				GCC_WARN_UNUSED_FUNCTION = YES;
				GCC_WARN_UNUSED_VARIABLE = YES;
				IPHONEOS_DEPLOYMENT_TARGET = 12.2;
				MTL_ENABLE_DEBUG_INFO = INCLUDE_SOURCE;
				MTL_FAST_MATH = YES;
				ONLY_ACTIVE_ARCH = YES;
				SDKROOT = iphoneos;
				SWIFT_ACTIVE_COMPILATION_CONDITIONS = DEBUG;
				SWIFT_OPTIMIZATION_LEVEL = "-Onone";
			};
			name = Debug;
		};
		01FDA63422592C47001939CB /* Release */ = {
			isa = XCBuildConfiguration;
			buildSettings = {
				ALWAYS_SEARCH_USER_PATHS = NO;
				CLANG_ANALYZER_NONNULL = YES;
				CLANG_ANALYZER_NUMBER_OBJECT_CONVERSION = YES_AGGRESSIVE;
				CLANG_CXX_LANGUAGE_STANDARD = "gnu++14";
				CLANG_CXX_LIBRARY = "libc++";
				CLANG_ENABLE_MODULES = YES;
				CLANG_ENABLE_OBJC_ARC = YES;
				CLANG_ENABLE_OBJC_WEAK = YES;
				CLANG_WARN_BLOCK_CAPTURE_AUTORELEASING = YES;
				CLANG_WARN_BOOL_CONVERSION = YES;
				CLANG_WARN_COMMA = YES;
				CLANG_WARN_CONSTANT_CONVERSION = YES;
				CLANG_WARN_DEPRECATED_OBJC_IMPLEMENTATIONS = YES;
				CLANG_WARN_DIRECT_OBJC_ISA_USAGE = YES_ERROR;
				CLANG_WARN_DOCUMENTATION_COMMENTS = YES;
				CLANG_WARN_EMPTY_BODY = YES;
				CLANG_WARN_ENUM_CONVERSION = YES;
				CLANG_WARN_INFINITE_RECURSION = YES;
				CLANG_WARN_INT_CONVERSION = YES;
				CLANG_WARN_NON_LITERAL_NULL_CONVERSION = YES;
				CLANG_WARN_OBJC_IMPLICIT_RETAIN_SELF = YES;
				CLANG_WARN_OBJC_LITERAL_CONVERSION = YES;
				CLANG_WARN_OBJC_ROOT_CLASS = YES_ERROR;
				CLANG_WARN_RANGE_LOOP_ANALYSIS = YES;
				CLANG_WARN_STRICT_PROTOTYPES = YES;
				CLANG_WARN_SUSPICIOUS_MOVE = YES;
				CLANG_WARN_UNGUARDED_AVAILABILITY = YES_AGGRESSIVE;
				CLANG_WARN_UNREACHABLE_CODE = YES;
				CLANG_WARN__DUPLICATE_METHOD_MATCH = YES;
				CODE_SIGN_IDENTITY = "iPhone Developer";
				COPY_PHASE_STRIP = NO;
				DEBUG_INFORMATION_FORMAT = "dwarf-with-dsym";
				ENABLE_NS_ASSERTIONS = NO;
				ENABLE_STRICT_OBJC_MSGSEND = YES;
				GCC_C_LANGUAGE_STANDARD = gnu11;
				GCC_NO_COMMON_BLOCKS = YES;
				GCC_WARN_64_TO_32_BIT_CONVERSION = YES;
				GCC_WARN_ABOUT_RETURN_TYPE = YES_ERROR;
				GCC_WARN_UNDECLARED_SELECTOR = YES;
				GCC_WARN_UNINITIALIZED_AUTOS = YES_AGGRESSIVE;
				GCC_WARN_UNUSED_FUNCTION = YES;
				GCC_WARN_UNUSED_VARIABLE = YES;
				IPHONEOS_DEPLOYMENT_TARGET = 12.2;
				MTL_ENABLE_DEBUG_INFO = NO;
				MTL_FAST_MATH = YES;
				SDKROOT = iphoneos;
				SWIFT_COMPILATION_MODE = wholemodule;
				SWIFT_OPTIMIZATION_LEVEL = "-O";
				VALIDATE_PRODUCT = YES;
			};
			name = Release;
		};
		01FDA63622592C47001939CB /* Debug */ = {
			isa = XCBuildConfiguration;
			buildSettings = {
				ASSETCATALOG_COMPILER_APPICON_NAME = AppIcon;
				CODE_SIGN_STYLE = Automatic;
				DEVELOPMENT_TEAM = 4A7XK4Q3M4;
				INFOPLIST_FILE = "Goal Challenge/Info.plist";
				LD_RUNPATH_SEARCH_PATHS = (
					"$(inherited)",
					"@executable_path/Frameworks",
				);
				PRODUCT_BUNDLE_IDENTIFIER = "com.Goal-Challenge";
				PRODUCT_NAME = "$(TARGET_NAME)";
				SWIFT_VERSION = 5.0;
				TARGETED_DEVICE_FAMILY = "1,2";
			};
			name = Debug;
		};
		01FDA63722592C47001939CB /* Release */ = {
			isa = XCBuildConfiguration;
			buildSettings = {
				ASSETCATALOG_COMPILER_APPICON_NAME = AppIcon;
				CODE_SIGN_STYLE = Automatic;
				DEVELOPMENT_TEAM = 4A7XK4Q3M4;
				INFOPLIST_FILE = "Goal Challenge/Info.plist";
				LD_RUNPATH_SEARCH_PATHS = (
					"$(inherited)",
					"@executable_path/Frameworks",
				);
				PRODUCT_BUNDLE_IDENTIFIER = "com.Goal-Challenge";
				PRODUCT_NAME = "$(TARGET_NAME)";
				SWIFT_VERSION = 5.0;
				TARGETED_DEVICE_FAMILY = "1,2";
			};
			name = Release;
		};
/* End XCBuildConfiguration section */

/* Begin XCConfigurationList section */
		01FDA61B22592C46001939CB /* Build configuration list for PBXProject "Goal Challenge" */ = {
			isa = XCConfigurationList;
			buildConfigurations = (
				01FDA63322592C47001939CB /* Debug */,
				01FDA63422592C47001939CB /* Release */,
			);
			defaultConfigurationIsVisible = 0;
			defaultConfigurationName = Release;
		};
		01FDA63522592C47001939CB /* Build configuration list for PBXNativeTarget "Goal Challenge" */ = {
			isa = XCConfigurationList;
			buildConfigurations = (
				01FDA63622592C47001939CB /* Debug */,
				01FDA63722592C47001939CB /* Release */,
			);
			defaultConfigurationIsVisible = 0;
			defaultConfigurationName = Release;
		};
/* End XCConfigurationList section */

/* Begin XCVersionGroup section */
		01FDA62A22592C46001939CB /* Goal_Challenge.xcdatamodeld */ = {
			isa = XCVersionGroup;
			children = (
				01FDA62B22592C46001939CB /* Goal_Challenge.xcdatamodel */,
			);
			currentVersion = 01FDA62B22592C46001939CB /* Goal_Challenge.xcdatamodel */;
			path = Goal_Challenge.xcdatamodeld;
			sourceTree = "<group>";
			versionGroupType = wrapper.xcdatamodel;
		};
/* End XCVersionGroup section */
	};
	rootObject = 01FDA61822592C46001939CB /* Project object */;
}
