// !$*UTF8*$!
{
	archiveVersion = 1;
	classes = {
	};
	objectVersion = 50;
	objects = {

/* Begin PBXBuildFile section */
		5602239222295A9A007B4F4F /* AppDelegate.swift in Sources */ = {isa = PBXBuildFile; fileRef = 5602239122295A9A007B4F4F /* AppDelegate.swift */; };
		5602239422295A9A007B4F4F /* Controller.swift in Sources */ = {isa = PBXBuildFile; fileRef = 5602239322295A9A007B4F4F /* Controller.swift */; };
		5602239722295A9A007B4F4F /* Main.storyboard in Resources */ = {isa = PBXBuildFile; fileRef = 5602239522295A9A007B4F4F /* Main.storyboard */; };
		5602239922295AA7007B4F4F /* Assets.xcassets in Resources */ = {isa = PBXBuildFile; fileRef = 5602239822295AA7007B4F4F /* Assets.xcassets */; };
		5602239C22295AA7007B4F4F /* LaunchScreen.storyboard in Resources */ = {isa = PBXBuildFile; fileRef = 5602239A22295AA7007B4F4F /* LaunchScreen.storyboard */; };
		560223A722295FB7007B4F4F /* AppleProduct.swift in Sources */ = {isa = PBXBuildFile; fileRef = 560223A622295FB7007B4F4F /* AppleProduct.swift */; };
		560223A922296032007B4F4F /* BeautifulCard.swift in Sources */ = {isa = PBXBuildFile; fileRef = 560223A822296032007B4F4F /* BeautifulCard.swift */; };
		560223AB22297EC9007B4F4F /* SamsungProduct.swift in Sources */ = {isa = PBXBuildFile; fileRef = 560223AA22297EC9007B4F4F /* SamsungProduct.swift */; };
		560223AD22297F04007B4F4F /* BeautifulLabel.swift in Sources */ = {isa = PBXBuildFile; fileRef = 560223AC22297F04007B4F4F /* BeautifulLabel.swift */; };
/* End PBXBuildFile section */

/* Begin PBXFileReference section */
		5602238E22295A9A007B4F4F /* mvc-prac.app */ = {isa = PBXFileReference; explicitFileType = wrapper.application; includeInIndex = 0; path = "mvc-prac.app"; sourceTree = BUILT_PRODUCTS_DIR; };
		5602239122295A9A007B4F4F /* AppDelegate.swift */ = {isa = PBXFileReference; lastKnownFileType = sourcecode.swift; path = AppDelegate.swift; sourceTree = "<group>"; };
		5602239322295A9A007B4F4F /* Controller.swift */ = {isa = PBXFileReference; lastKnownFileType = sourcecode.swift; path = Controller.swift; sourceTree = "<group>"; };
		5602239622295A9A007B4F4F /* Base */ = {isa = PBXFileReference; lastKnownFileType = file.storyboard; name = Base; path = Base.lproj/Main.storyboard; sourceTree = "<group>"; };
		5602239822295AA7007B4F4F /* Assets.xcassets */ = {isa = PBXFileReference; lastKnownFileType = folder.assetcatalog; path = Assets.xcassets; sourceTree = "<group>"; };
		5602239B22295AA7007B4F4F /* Base */ = {isa = PBXFileReference; lastKnownFileType = file.storyboard; name = Base; path = Base.lproj/LaunchScreen.storyboard; sourceTree = "<group>"; };
		5602239D22295AA7007B4F4F /* Info.plist */ = {isa = PBXFileReference; lastKnownFileType = text.plist.xml; path = Info.plist; sourceTree = "<group>"; };
		560223A622295FB7007B4F4F /* AppleProduct.swift */ = {isa = PBXFileReference; lastKnownFileType = sourcecode.swift; path = AppleProduct.swift; sourceTree = "<group>"; };
		560223A822296032007B4F4F /* BeautifulCard.swift */ = {isa = PBXFileReference; lastKnownFileType = sourcecode.swift; path = BeautifulCard.swift; sourceTree = "<group>"; };
		560223AA22297EC9007B4F4F /* SamsungProduct.swift */ = {isa = PBXFileReference; lastKnownFileType = sourcecode.swift; path = SamsungProduct.swift; sourceTree = "<group>"; };
		560223AC22297F04007B4F4F /* BeautifulLabel.swift */ = {isa = PBXFileReference; lastKnownFileType = sourcecode.swift; path = BeautifulLabel.swift; sourceTree = "<group>"; };
/* End PBXFileReference section */

/* Begin PBXFrameworksBuildPhase section */
		5602238B22295A9A007B4F4F /* Frameworks */ = {
			isa = PBXFrameworksBuildPhase;
			buildActionMask = 2147483647;
			files = (
			);
			runOnlyForDeploymentPostprocessing = 0;
		};
/* End PBXFrameworksBuildPhase section */

/* Begin PBXGroup section */
		5602238522295A9A007B4F4F = {
			isa = PBXGroup;
			children = (
				5602239022295A9A007B4F4F /* mvc-prac */,
				5602238F22295A9A007B4F4F /* Products */,
			);
			sourceTree = "<group>";
		};
		5602238F22295A9A007B4F4F /* Products */ = {
			isa = PBXGroup;
			children = (
				5602238E22295A9A007B4F4F /* mvc-prac.app */,
			);
			name = Products;
			sourceTree = "<group>";
		};
		5602239022295A9A007B4F4F /* mvc-prac */ = {
			isa = PBXGroup;
			children = (
				560223A522295ACC007B4F4F /* Controllers */,
				560223A422295AC4007B4F4F /* View */,
				560223A322295ABB007B4F4F /* Model */,
				5602239122295A9A007B4F4F /* AppDelegate.swift */,
				5602239522295A9A007B4F4F /* Main.storyboard */,
				5602239822295AA7007B4F4F /* Assets.xcassets */,
				5602239A22295AA7007B4F4F /* LaunchScreen.storyboard */,
				5602239D22295AA7007B4F4F /* Info.plist */,
			);
			path = "mvc-prac";
			sourceTree = "<group>";
		};
		560223A322295ABB007B4F4F /* Model */ = {
			isa = PBXGroup;
			children = (
				560223A622295FB7007B4F4F /* AppleProduct.swift */,
				560223AA22297EC9007B4F4F /* SamsungProduct.swift */,
			);
			path = Model;
			sourceTree = "<group>";
		};
		560223A422295AC4007B4F4F /* View */ = {
			isa = PBXGroup;
			children = (
				560223A822296032007B4F4F /* BeautifulCard.swift */,
				560223AC22297F04007B4F4F /* BeautifulLabel.swift */,
			);
			path = View;
			sourceTree = "<group>";
		};
		560223A522295ACC007B4F4F /* Controllers */ = {
			isa = PBXGroup;
			children = (
				5602239322295A9A007B4F4F /* Controller.swift */,
			);
			path = Controllers;
			sourceTree = "<group>";
		};
/* End PBXGroup section */

/* Begin PBXNativeTarget section */
		5602238D22295A9A007B4F4F /* mvc-prac */ = {
			isa = PBXNativeTarget;
			buildConfigurationList = 560223A022295AA7007B4F4F /* Build configuration list for PBXNativeTarget "mvc-prac" */;
			buildPhases = (
				5602238A22295A9A007B4F4F /* Sources */,
				5602238B22295A9A007B4F4F /* Frameworks */,
				5602238C22295A9A007B4F4F /* Resources */,
			);
			buildRules = (
			);
			dependencies = (
			);
			name = "mvc-prac";
			productName = "mvc-prac";
			productReference = 5602238E22295A9A007B4F4F /* mvc-prac.app */;
			productType = "com.apple.product-type.application";
		};
/* End PBXNativeTarget section */

/* Begin PBXProject section */
		5602238622295A9A007B4F4F /* Project object */ = {
			isa = PBXProject;
			attributes = {
				LastSwiftUpdateCheck = 1010;
				LastUpgradeCheck = 1010;
				ORGANIZATIONNAME = "ishraqe manjur";
				TargetAttributes = {
					5602238D22295A9A007B4F4F = {
						CreatedOnToolsVersion = 10.1;
					};
				};
			};
			buildConfigurationList = 5602238922295A9A007B4F4F /* Build configuration list for PBXProject "mvc-prac" */;
			compatibilityVersion = "Xcode 9.3";
			developmentRegion = en;
			hasScannedForEncodings = 0;
			knownRegions = (
				en,
				Base,
			);
			mainGroup = 5602238522295A9A007B4F4F;
			productRefGroup = 5602238F22295A9A007B4F4F /* Products */;
			projectDirPath = "";
			projectRoot = "";
			targets = (
				5602238D22295A9A007B4F4F /* mvc-prac */,
			);
		};
/* End PBXProject section */

/* Begin PBXResourcesBuildPhase section */
		5602238C22295A9A007B4F4F /* Resources */ = {
			isa = PBXResourcesBuildPhase;
			buildActionMask = 2147483647;
			files = (
				5602239C22295AA7007B4F4F /* LaunchScreen.storyboard in Resources */,
				5602239922295AA7007B4F4F /* Assets.xcassets in Resources */,
				5602239722295A9A007B4F4F /* Main.storyboard in Resources */,
			);
			runOnlyForDeploymentPostprocessing = 0;
		};
/* End PBXResourcesBuildPhase section */

/* Begin PBXSourcesBuildPhase section */
		5602238A22295A9A007B4F4F /* Sources */ = {
			isa = PBXSourcesBuildPhase;
			buildActionMask = 2147483647;
			files = (
				560223AD22297F04007B4F4F /* BeautifulLabel.swift in Sources */,
				560223AB22297EC9007B4F4F /* SamsungProduct.swift in Sources */,
				560223A722295FB7007B4F4F /* AppleProduct.swift in Sources */,
				560223A922296032007B4F4F /* BeautifulCard.swift in Sources */,
				5602239422295A9A007B4F4F /* Controller.swift in Sources */,
				5602239222295A9A007B4F4F /* AppDelegate.swift in Sources */,
			);
			runOnlyForDeploymentPostprocessing = 0;
		};
/* End PBXSourcesBuildPhase section */

/* Begin PBXVariantGroup section */
		5602239522295A9A007B4F4F /* Main.storyboard */ = {
			isa = PBXVariantGroup;
			children = (
				5602239622295A9A007B4F4F /* Base */,
			);
			name = Main.storyboard;
			sourceTree = "<group>";
		};
		5602239A22295AA7007B4F4F /* LaunchScreen.storyboard */ = {
			isa = PBXVariantGroup;
			children = (
				5602239B22295AA7007B4F4F /* Base */,
			);
			name = LaunchScreen.storyboard;
			sourceTree = "<group>";
		};
/* End PBXVariantGroup section */

/* Begin XCBuildConfiguration section */
		5602239E22295AA7007B4F4F /* Debug */ = {
			isa = XCBuildConfiguration;
			buildSettings = {
				ALWAYS_SEARCH_USER_PATHS = NO;
				CLANG_ANALYZER_NONNULL = YES;
				CLANG_ANALYZER_NUMBER_OBJECT_CONVERSION = YES_AGGRESSIVE;
				CLANG_CXX_LANGUAGE_STANDARD = "gnu++14";
				CLANG_CXX_LIBRARY = "libc++";
				CLANG_ENABLE_MODULES = YES;
				CLANG_ENABLE_OBJC_ARC = YES;
				CLANG_ENABLE_OBJC_WEAK = YES;
				CLANG_WARN_BLOCK_CAPTURE_AUTORELEASING = YES;
				CLANG_WARN_BOOL_CONVERSION = YES;
				CLANG_WARN_COMMA = YES;
				CLANG_WARN_CONSTANT_CONVERSION = YES;
				CLANG_WARN_DEPRECATED_OBJC_IMPLEMENTATIONS = YES;
				CLANG_WARN_DIRECT_OBJC_ISA_USAGE = YES_ERROR;
				CLANG_WARN_DOCUMENTATION_COMMENTS = YES;
				CLANG_WARN_EMPTY_BODY = YES;
				CLANG_WARN_ENUM_CONVERSION = YES;
				CLANG_WARN_INFINITE_RECURSION = YES;
				CLANG_WARN_INT_CONVERSION = YES;
				CLANG_WARN_NON_LITERAL_NULL_CONVERSION = YES;
				CLANG_WARN_OBJC_IMPLICIT_RETAIN_SELF = YES;
				CLANG_WARN_OBJC_LITERAL_CONVERSION = YES;
				CLANG_WARN_OBJC_ROOT_CLASS = YES_ERROR;
				CLANG_WARN_RANGE_LOOP_ANALYSIS = YES;
				CLANG_WARN_STRICT_PROTOTYPES = YES;
				CLANG_WARN_SUSPICIOUS_MOVE = YES;
				CLANG_WARN_UNGUARDED_AVAILABILITY = YES_AGGRESSIVE;
				CLANG_WARN_UNREACHABLE_CODE = YES;
				CLANG_WARN__DUPLICATE_METHOD_MATCH = YES;
				CODE_SIGN_IDENTITY = "iPhone Developer";
				COPY_PHASE_STRIP = NO;
				DEBUG_INFORMATION_FORMAT = dwarf;
				ENABLE_STRICT_OBJC_MSGSEND = YES;
				ENABLE_TESTABILITY = YES;
				GCC_C_LANGUAGE_STANDARD = gnu11;
				GCC_DYNAMIC_NO_PIC = NO;
				GCC_NO_COMMON_BLOCKS = YES;
				GCC_OPTIMIZATION_LEVEL = 0;
				GCC_PREPROCESSOR_DEFINITIONS = (
					"DEBUG=1",
					"$(inherited)",
				);
				GCC_WARN_64_TO_32_BIT_CONVERSION = YES;
				GCC_WARN_ABOUT_RETURN_TYPE = YES_ERROR;
				GCC_WARN_UNDECLARED_SELECTOR = YES;
				GCC_WARN_UNINITIALIZED_AUTOS = YES_AGGRESSIVE;
				GCC_WARN_UNUSED_FUNCTION = YES;
				GCC_WARN_UNUSED_VARIABLE = YES;
				IPHONEOS_DEPLOYMENT_TARGET = 12.1;
				MTL_ENABLE_DEBUG_INFO = INCLUDE_SOURCE;
				MTL_FAST_MATH = YES;
				ONLY_ACTIVE_ARCH = YES;
				SDKROOT = iphoneos;
				SWIFT_ACTIVE_COMPILATION_CONDITIONS = DEBUG;
				SWIFT_OPTIMIZATION_LEVEL = "-Onone";
			};
			name = Debug;
		};
		5602239F22295AA7007B4F4F /* Release */ = {
			isa = XCBuildConfiguration;
			buildSettings = {
				ALWAYS_SEARCH_USER_PATHS = NO;
				CLANG_ANALYZER_NONNULL = YES;
				CLANG_ANALYZER_NUMBER_OBJECT_CONVERSION = YES_AGGRESSIVE;
				CLANG_CXX_LANGUAGE_STANDARD = "gnu++14";
				CLANG_CXX_LIBRARY = "libc++";
				CLANG_ENABLE_MODULES = YES;
				CLANG_ENABLE_OBJC_ARC = YES;
				CLANG_ENABLE_OBJC_WEAK = YES;
				CLANG_WARN_BLOCK_CAPTURE_AUTORELEASING = YES;
				CLANG_WARN_BOOL_CONVERSION = YES;
				CLANG_WARN_COMMA = YES;
				CLANG_WARN_CONSTANT_CONVERSION = YES;
				CLANG_WARN_DEPRECATED_OBJC_IMPLEMENTATIONS = YES;
				CLANG_WARN_DIRECT_OBJC_ISA_USAGE = YES_ERROR;
				CLANG_WARN_DOCUMENTATION_COMMENTS = YES;
				CLANG_WARN_EMPTY_BODY = YES;
				CLANG_WARN_ENUM_CONVERSION = YES;
				CLANG_WARN_INFINITE_RECURSION = YES;
				CLANG_WARN_INT_CONVERSION = YES;
				CLANG_WARN_NON_LITERAL_NULL_CONVERSION = YES;
				CLANG_WARN_OBJC_IMPLICIT_RETAIN_SELF = YES;
				CLANG_WARN_OBJC_LITERAL_CONVERSION = YES;
				CLANG_WARN_OBJC_ROOT_CLASS = YES_ERROR;
				CLANG_WARN_RANGE_LOOP_ANALYSIS = YES;
				CLANG_WARN_STRICT_PROTOTYPES = YES;
				CLANG_WARN_SUSPICIOUS_MOVE = YES;
				CLANG_WARN_UNGUARDED_AVAILABILITY = YES_AGGRESSIVE;
				CLANG_WARN_UNREACHABLE_CODE = YES;
				CLANG_WARN__DUPLICATE_METHOD_MATCH = YES;
				CODE_SIGN_IDENTITY = "iPhone Developer";
				COPY_PHASE_STRIP = NO;
				DEBUG_INFORMATION_FORMAT = "dwarf-with-dsym";
				ENABLE_NS_ASSERTIONS = NO;
				ENABLE_STRICT_OBJC_MSGSEND = YES;
				GCC_C_LANGUAGE_STANDARD = gnu11;
				GCC_NO_COMMON_BLOCKS = YES;
				GCC_WARN_64_TO_32_BIT_CONVERSION = YES;
				GCC_WARN_ABOUT_RETURN_TYPE = YES_ERROR;
				GCC_WARN_UNDECLARED_SELECTOR = YES;
				GCC_WARN_UNINITIALIZED_AUTOS = YES_AGGRESSIVE;
				GCC_WARN_UNUSED_FUNCTION = YES;
				GCC_WARN_UNUSED_VARIABLE = YES;
				IPHONEOS_DEPLOYMENT_TARGET = 12.1;
				MTL_ENABLE_DEBUG_INFO = NO;
				MTL_FAST_MATH = YES;
				SDKROOT = iphoneos;
				SWIFT_COMPILATION_MODE = wholemodule;
				SWIFT_OPTIMIZATION_LEVEL = "-O";
				VALIDATE_PRODUCT = YES;
			};
			name = Release;
		};
		560223A122295AA7007B4F4F /* Debug */ = {
			isa = XCBuildConfiguration;
			buildSettings = {
				ASSETCATALOG_COMPILER_APPICON_NAME = AppIcon;
				CODE_SIGN_STYLE = Automatic;
				DEVELOPMENT_TEAM = 4A7XK4Q3M4;
				INFOPLIST_FILE = "mvc-prac/Info.plist";
				LD_RUNPATH_SEARCH_PATHS = (
					"$(inherited)",
					"@executable_path/Frameworks",
				);
				PRODUCT_BUNDLE_IDENTIFIER = "com.mvc-prac";
				PRODUCT_NAME = "$(TARGET_NAME)";
				SWIFT_VERSION = 4.2;
				TARGETED_DEVICE_FAMILY = "1,2";
			};
			name = Debug;
		};
		560223A222295AA7007B4F4F /* Release */ = {
			isa = XCBuildConfiguration;
			buildSettings = {
				ASSETCATALOG_COMPILER_APPICON_NAME = AppIcon;
				CODE_SIGN_STYLE = Automatic;
				DEVELOPMENT_TEAM = 4A7XK4Q3M4;
				INFOPLIST_FILE = "mvc-prac/Info.plist";
				LD_RUNPATH_SEARCH_PATHS = (
					"$(inherited)",
					"@executable_path/Frameworks",
				);
				PRODUCT_BUNDLE_IDENTIFIER = "com.mvc-prac";
				PRODUCT_NAME = "$(TARGET_NAME)";
				SWIFT_VERSION = 4.2;
				TARGETED_DEVICE_FAMILY = "1,2";
			};
			name = Release;
		};
/* End XCBuildConfiguration section */

/* Begin XCConfigurationList section */
		5602238922295A9A007B4F4F /* Build configuration list for PBXProject "mvc-prac" */ = {
			isa = XCConfigurationList;
			buildConfigurations = (
				5602239E22295AA7007B4F4F /* Debug */,
				5602239F22295AA7007B4F4F /* Release */,
			);
			defaultConfigurationIsVisible = 0;
			defaultConfigurationName = Release;
		};
		560223A022295AA7007B4F4F /* Build configuration list for PBXNativeTarget "mvc-prac" */ = {
			isa = XCConfigurationList;
			buildConfigurations = (
				560223A122295AA7007B4F4F /* Debug */,
				560223A222295AA7007B4F4F /* Release */,
			);
			defaultConfigurationIsVisible = 0;
			defaultConfigurationName = Release;
		};
/* End XCConfigurationList section */
	};
	rootObject = 5602238622295A9A007B4F4F /* Project object */;
}
