// !$*UTF8*$!
{
	archiveVersion = 1;
	classes = {
	};
	objectVersion = 50;
	objects = {

/* Begin PBXBuildFile section */
		01553317227232BD00405F6B /* StreachyHeader.swift in Sources */ = {isa = PBXBuildFile; fileRef = 01553316227232BD00405F6B /* StreachyHeader.swift */; };
		0156DEE7227374BE004492E0 /* StreachyCell.swift in Sources */ = {isa = PBXBuildFile; fileRef = 0156DEE6227374BE004492E0 /* StreachyCell.swift */; };
		01916B45227192BF008552E4 /* AppDelegate.swift in Sources */ = {isa = PBXBuildFile; fileRef = 01916B44227192BF008552E4 /* AppDelegate.swift */; };
		01916B47227192BF008552E4 /* StreatchyHeaderController.swift in Sources */ = {isa = PBXBuildFile; fileRef = 01916B46227192BF008552E4 /* StreatchyHeaderController.swift */; };
		01916B4A227192BF008552E4 /* Main.storyboard in Resources */ = {isa = PBXBuildFile; fileRef = 01916B48227192BF008552E4 /* Main.storyboard */; };
		01916B4C227192C1008552E4 /* Assets.xcassets in Resources */ = {isa = PBXBuildFile; fileRef = 01916B4B227192C1008552E4 /* Assets.xcassets */; };
		01916B4F227192C1008552E4 /* LaunchScreen.storyboard in Resources */ = {isa = PBXBuildFile; fileRef = 01916B4D227192C1008552E4 /* LaunchScreen.storyboard */; };
		01916B5922719E3A008552E4 /* HeaderView.swift in Sources */ = {isa = PBXBuildFile; fileRef = 01916B5822719E3A008552E4 /* HeaderView.swift */; };
		01916B5C2271D823008552E4 /* Extensions+UIView.swift in Sources */ = {isa = PBXBuildFile; fileRef = 01916B5B2271D823008552E4 /* Extensions+UIView.swift */; };
/* End PBXBuildFile section */

/* Begin PBXFileReference section */
		01553316227232BD00405F6B /* StreachyHeader.swift */ = {isa = PBXFileReference; lastKnownFileType = sourcecode.swift; path = StreachyHeader.swift; sourceTree = "<group>"; };
		0156DEE6227374BE004492E0 /* StreachyCell.swift */ = {isa = PBXFileReference; lastKnownFileType = sourcecode.swift; path = StreachyCell.swift; sourceTree = "<group>"; };
		01916B41227192BF008552E4 /* streachy-header-collectionview.app */ = {isa = PBXFileReference; explicitFileType = wrapper.application; includeInIndex = 0; path = "streachy-header-collectionview.app"; sourceTree = BUILT_PRODUCTS_DIR; };
		01916B44227192BF008552E4 /* AppDelegate.swift */ = {isa = PBXFileReference; lastKnownFileType = sourcecode.swift; path = AppDelegate.swift; sourceTree = "<group>"; };
		01916B46227192BF008552E4 /* StreatchyHeaderController.swift */ = {isa = PBXFileReference; lastKnownFileType = sourcecode.swift; path = StreatchyHeaderController.swift; sourceTree = "<group>"; };
		01916B49227192BF008552E4 /* Base */ = {isa = PBXFileReference; lastKnownFileType = file.storyboard; name = Base; path = Base.lproj/Main.storyboard; sourceTree = "<group>"; };
		01916B4B227192C1008552E4 /* Assets.xcassets */ = {isa = PBXFileReference; lastKnownFileType = folder.assetcatalog; path = Assets.xcassets; sourceTree = "<group>"; };
		01916B4E227192C1008552E4 /* Base */ = {isa = PBXFileReference; lastKnownFileType = file.storyboard; name = Base; path = Base.lproj/LaunchScreen.storyboard; sourceTree = "<group>"; };
		01916B50227192C1008552E4 /* Info.plist */ = {isa = PBXFileReference; lastKnownFileType = text.plist.xml; path = Info.plist; sourceTree = "<group>"; };
		01916B5822719E3A008552E4 /* HeaderView.swift */ = {isa = PBXFileReference; lastKnownFileType = sourcecode.swift; path = HeaderView.swift; sourceTree = "<group>"; };
		01916B5B2271D823008552E4 /* Extensions+UIView.swift */ = {isa = PBXFileReference; fileEncoding = 4; lastKnownFileType = sourcecode.swift; path = "Extensions+UIView.swift"; sourceTree = "<group>"; };
/* End PBXFileReference section */

/* Begin PBXFrameworksBuildPhase section */
		01916B3E227192BF008552E4 /* Frameworks */ = {
			isa = PBXFrameworksBuildPhase;
			buildActionMask = 2147483647;
			files = (
			);
			runOnlyForDeploymentPostprocessing = 0;
		};
/* End PBXFrameworksBuildPhase section */

/* Begin PBXGroup section */
		01916B38227192BF008552E4 = {
			isa = PBXGroup;
			children = (
				01916B43227192BF008552E4 /* streachy-header-collectionview */,
				01916B42227192BF008552E4 /* Products */,
			);
			sourceTree = "<group>";
		};
		01916B42227192BF008552E4 /* Products */ = {
			isa = PBXGroup;
			children = (
				01916B41227192BF008552E4 /* streachy-header-collectionview.app */,
			);
			name = Products;
			sourceTree = "<group>";
		};
		01916B43227192BF008552E4 /* streachy-header-collectionview */ = {
			isa = PBXGroup;
			children = (
				01916B5A2271D7A9008552E4 /* extensions */,
				01916B572271937A008552E4 /* views */,
				01916B562271936C008552E4 /* controllers */,
				01916B44227192BF008552E4 /* AppDelegate.swift */,
				01916B48227192BF008552E4 /* Main.storyboard */,
				01916B4B227192C1008552E4 /* Assets.xcassets */,
				01916B4D227192C1008552E4 /* LaunchScreen.storyboard */,
				01916B50227192C1008552E4 /* Info.plist */,
			);
			path = "streachy-header-collectionview";
			sourceTree = "<group>";
		};
		01916B562271936C008552E4 /* controllers */ = {
			isa = PBXGroup;
			children = (
				01916B46227192BF008552E4 /* StreatchyHeaderController.swift */,
			);
			path = controllers;
			sourceTree = "<group>";
		};
		01916B572271937A008552E4 /* views */ = {
			isa = PBXGroup;
			children = (
				01916B5822719E3A008552E4 /* HeaderView.swift */,
				01553316227232BD00405F6B /* StreachyHeader.swift */,
				0156DEE6227374BE004492E0 /* StreachyCell.swift */,
			);
			path = views;
			sourceTree = "<group>";
		};
		01916B5A2271D7A9008552E4 /* extensions */ = {
			isa = PBXGroup;
			children = (
				01916B5B2271D823008552E4 /* Extensions+UIView.swift */,
			);
			path = extensions;
			sourceTree = "<group>";
		};
/* End PBXGroup section */

/* Begin PBXNativeTarget section */
		01916B40227192BF008552E4 /* streachy-header-collectionview */ = {
			isa = PBXNativeTarget;
			buildConfigurationList = 01916B53227192C1008552E4 /* Build configuration list for PBXNativeTarget "streachy-header-collectionview" */;
			buildPhases = (
				01916B3D227192BF008552E4 /* Sources */,
				01916B3E227192BF008552E4 /* Frameworks */,
				01916B3F227192BF008552E4 /* Resources */,
			);
			buildRules = (
			);
			dependencies = (
			);
			name = "streachy-header-collectionview";
			productName = "streachy-header-collectionview";
			productReference = 01916B41227192BF008552E4 /* streachy-header-collectionview.app */;
			productType = "com.apple.product-type.application";
		};
/* End PBXNativeTarget section */

/* Begin PBXProject section */
		01916B39227192BF008552E4 /* Project object */ = {
			isa = PBXProject;
			attributes = {
				LastSwiftUpdateCheck = 1020;
				LastUpgradeCheck = 1020;
				ORGANIZATIONNAME = "Ishraqe Manjur";
				TargetAttributes = {
					01916B40227192BF008552E4 = {
						CreatedOnToolsVersion = 10.2.1;
					};
				};
			};
			buildConfigurationList = 01916B3C227192BF008552E4 /* Build configuration list for PBXProject "streachy-header-collectionview" */;
			compatibilityVersion = "Xcode 9.3";
			developmentRegion = en;
			hasScannedForEncodings = 0;
			knownRegions = (
				en,
				Base,
			);
			mainGroup = 01916B38227192BF008552E4;
			productRefGroup = 01916B42227192BF008552E4 /* Products */;
			projectDirPath = "";
			projectRoot = "";
			targets = (
				01916B40227192BF008552E4 /* streachy-header-collectionview */,
			);
		};
/* End PBXProject section */

/* Begin PBXResourcesBuildPhase section */
		01916B3F227192BF008552E4 /* Resources */ = {
			isa = PBXResourcesBuildPhase;
			buildActionMask = 2147483647;
			files = (
				01916B4F227192C1008552E4 /* LaunchScreen.storyboard in Resources */,
				01916B4C227192C1008552E4 /* Assets.xcassets in Resources */,
				01916B4A227192BF008552E4 /* Main.storyboard in Resources */,
			);
			runOnlyForDeploymentPostprocessing = 0;
		};
/* End PBXResourcesBuildPhase section */

/* Begin PBXSourcesBuildPhase section */
		01916B3D227192BF008552E4 /* Sources */ = {
			isa = PBXSourcesBuildPhase;
			buildActionMask = 2147483647;
			files = (
				0156DEE7227374BE004492E0 /* StreachyCell.swift in Sources */,
				01916B47227192BF008552E4 /* StreatchyHeaderController.swift in Sources */,
				01916B5922719E3A008552E4 /* HeaderView.swift in Sources */,
				01553317227232BD00405F6B /* StreachyHeader.swift in Sources */,
				01916B5C2271D823008552E4 /* Extensions+UIView.swift in Sources */,
				01916B45227192BF008552E4 /* AppDelegate.swift in Sources */,
			);
			runOnlyForDeploymentPostprocessing = 0;
		};
/* End PBXSourcesBuildPhase section */

/* Begin PBXVariantGroup section */
		01916B48227192BF008552E4 /* Main.storyboard */ = {
			isa = PBXVariantGroup;
			children = (
				01916B49227192BF008552E4 /* Base */,
			);
			name = Main.storyboard;
			sourceTree = "<group>";
		};
		01916B4D227192C1008552E4 /* LaunchScreen.storyboard */ = {
			isa = PBXVariantGroup;
			children = (
				01916B4E227192C1008552E4 /* Base */,
			);
			name = LaunchScreen.storyboard;
			sourceTree = "<group>";
		};
/* End PBXVariantGroup section */

/* Begin XCBuildConfiguration section */
		01916B51227192C1008552E4 /* Debug */ = {
			isa = XCBuildConfiguration;
			buildSettings = {
				ALWAYS_SEARCH_USER_PATHS = NO;
				CLANG_ANALYZER_NONNULL = YES;
				CLANG_ANALYZER_NUMBER_OBJECT_CONVERSION = YES_AGGRESSIVE;
				CLANG_CXX_LANGUAGE_STANDARD = "gnu++14";
				CLANG_CXX_LIBRARY = "libc++";
				CLANG_ENABLE_MODULES = YES;
				CLANG_ENABLE_OBJC_ARC = YES;
				CLANG_ENABLE_OBJC_WEAK = YES;
				CLANG_WARN_BLOCK_CAPTURE_AUTORELEASING = YES;
				CLANG_WARN_BOOL_CONVERSION = YES;
				CLANG_WARN_COMMA = YES;
				CLANG_WARN_CONSTANT_CONVERSION = YES;
				CLANG_WARN_DEPRECATED_OBJC_IMPLEMENTATIONS = YES;
				CLANG_WARN_DIRECT_OBJC_ISA_USAGE = YES_ERROR;
				CLANG_WARN_DOCUMENTATION_COMMENTS = YES;
				CLANG_WARN_EMPTY_BODY = YES;
				CLANG_WARN_ENUM_CONVERSION = YES;
				CLANG_WARN_INFINITE_RECURSION = YES;
				CLANG_WARN_INT_CONVERSION = YES;
				CLANG_WARN_NON_LITERAL_NULL_CONVERSION = YES;
				CLANG_WARN_OBJC_IMPLICIT_RETAIN_SELF = YES;
				CLANG_WARN_OBJC_LITERAL_CONVERSION = YES;
				CLANG_WARN_OBJC_ROOT_CLASS = YES_ERROR;
				CLANG_WARN_RANGE_LOOP_ANALYSIS = YES;
				CLANG_WARN_STRICT_PROTOTYPES = YES;
				CLANG_WARN_SUSPICIOUS_MOVE = YES;
				CLANG_WARN_UNGUARDED_AVAILABILITY = YES_AGGRESSIVE;
				CLANG_WARN_UNREACHABLE_CODE = YES;
				CLANG_WARN__DUPLICATE_METHOD_MATCH = YES;
				CODE_SIGN_IDENTITY = "iPhone Developer";
				COPY_PHASE_STRIP = NO;
				DEBUG_INFORMATION_FORMAT = dwarf;
				ENABLE_STRICT_OBJC_MSGSEND = YES;
				ENABLE_TESTABILITY = YES;
				GCC_C_LANGUAGE_STANDARD = gnu11;
				GCC_DYNAMIC_NO_PIC = NO;
				GCC_NO_COMMON_BLOCKS = YES;
				GCC_OPTIMIZATION_LEVEL = 0;
				GCC_PREPROCESSOR_DEFINITIONS = (
					"DEBUG=1",
					"$(inherited)",
				);
				GCC_WARN_64_TO_32_BIT_CONVERSION = YES;
				GCC_WARN_ABOUT_RETURN_TYPE = YES_ERROR;
				GCC_WARN_UNDECLARED_SELECTOR = YES;
				GCC_WARN_UNINITIALIZED_AUTOS = YES_AGGRESSIVE;
				GCC_WARN_UNUSED_FUNCTION = YES;
				GCC_WARN_UNUSED_VARIABLE = YES;
				IPHONEOS_DEPLOYMENT_TARGET = 12.2;
				MTL_ENABLE_DEBUG_INFO = INCLUDE_SOURCE;
				MTL_FAST_MATH = YES;
				ONLY_ACTIVE_ARCH = YES;
				SDKROOT = iphoneos;
				SWIFT_ACTIVE_COMPILATION_CONDITIONS = DEBUG;
				SWIFT_OPTIMIZATION_LEVEL = "-Onone";
			};
			name = Debug;
		};
		01916B52227192C1008552E4 /* Release */ = {
			isa = XCBuildConfiguration;
			buildSettings = {
				ALWAYS_SEARCH_USER_PATHS = NO;
				CLANG_ANALYZER_NONNULL = YES;
				CLANG_ANALYZER_NUMBER_OBJECT_CONVERSION = YES_AGGRESSIVE;
				CLANG_CXX_LANGUAGE_STANDARD = "gnu++14";
				CLANG_CXX_LIBRARY = "libc++";
				CLANG_ENABLE_MODULES = YES;
				CLANG_ENABLE_OBJC_ARC = YES;
				CLANG_ENABLE_OBJC_WEAK = YES;
				CLANG_WARN_BLOCK_CAPTURE_AUTORELEASING = YES;
				CLANG_WARN_BOOL_CONVERSION = YES;
				CLANG_WARN_COMMA = YES;
				CLANG_WARN_CONSTANT_CONVERSION = YES;
				CLANG_WARN_DEPRECATED_OBJC_IMPLEMENTATIONS = YES;
				CLANG_WARN_DIRECT_OBJC_ISA_USAGE = YES_ERROR;
				CLANG_WARN_DOCUMENTATION_COMMENTS = YES;
				CLANG_WARN_EMPTY_BODY = YES;
				CLANG_WARN_ENUM_CONVERSION = YES;
				CLANG_WARN_INFINITE_RECURSION = YES;
				CLANG_WARN_INT_CONVERSION = YES;
				CLANG_WARN_NON_LITERAL_NULL_CONVERSION = YES;
				CLANG_WARN_OBJC_IMPLICIT_RETAIN_SELF = YES;
				CLANG_WARN_OBJC_LITERAL_CONVERSION = YES;
				CLANG_WARN_OBJC_ROOT_CLASS = YES_ERROR;
				CLANG_WARN_RANGE_LOOP_ANALYSIS = YES;
				CLANG_WARN_STRICT_PROTOTYPES = YES;
				CLANG_WARN_SUSPICIOUS_MOVE = YES;
				CLANG_WARN_UNGUARDED_AVAILABILITY = YES_AGGRESSIVE;
				CLANG_WARN_UNREACHABLE_CODE = YES;
				CLANG_WARN__DUPLICATE_METHOD_MATCH = YES;
				CODE_SIGN_IDENTITY = "iPhone Developer";
				COPY_PHASE_STRIP = NO;
				DEBUG_INFORMATION_FORMAT = "dwarf-with-dsym";
				ENABLE_NS_ASSERTIONS = NO;
				ENABLE_STRICT_OBJC_MSGSEND = YES;
				GCC_C_LANGUAGE_STANDARD = gnu11;
				GCC_NO_COMMON_BLOCKS = YES;
				GCC_WARN_64_TO_32_BIT_CONVERSION = YES;
				GCC_WARN_ABOUT_RETURN_TYPE = YES_ERROR;
				GCC_WARN_UNDECLARED_SELECTOR = YES;
				GCC_WARN_UNINITIALIZED_AUTOS = YES_AGGRESSIVE;
				GCC_WARN_UNUSED_FUNCTION = YES;
				GCC_WARN_UNUSED_VARIABLE = YES;
				IPHONEOS_DEPLOYMENT_TARGET = 12.2;
				MTL_ENABLE_DEBUG_INFO = NO;
				MTL_FAST_MATH = YES;
				SDKROOT = iphoneos;
				SWIFT_COMPILATION_MODE = wholemodule;
				SWIFT_OPTIMIZATION_LEVEL = "-O";
				VALIDATE_PRODUCT = YES;
			};
			name = Release;
		};
		01916B54227192C1008552E4 /* Debug */ = {
			isa = XCBuildConfiguration;
			buildSettings = {
				ASSETCATALOG_COMPILER_APPICON_NAME = AppIcon;
				CODE_SIGN_STYLE = Automatic;
				DEVELOPMENT_TEAM = 4A7XK4Q3M4;
				INFOPLIST_FILE = "streachy-header-collectionview/Info.plist";
				LD_RUNPATH_SEARCH_PATHS = (
					"$(inherited)",
					"@executable_path/Frameworks",
				);
				PRODUCT_BUNDLE_IDENTIFIER = "com.streachy-header-collectionview";
				PRODUCT_NAME = "$(TARGET_NAME)";
				SWIFT_VERSION = 5.0;
				TARGETED_DEVICE_FAMILY = "1,2";
			};
			name = Debug;
		};
		01916B55227192C1008552E4 /* Release */ = {
			isa = XCBuildConfiguration;
			buildSettings = {
				ASSETCATALOG_COMPILER_APPICON_NAME = AppIcon;
				CODE_SIGN_STYLE = Automatic;
				DEVELOPMENT_TEAM = 4A7XK4Q3M4;
				INFOPLIST_FILE = "streachy-header-collectionview/Info.plist";
				LD_RUNPATH_SEARCH_PATHS = (
					"$(inherited)",
					"@executable_path/Frameworks",
				);
				PRODUCT_BUNDLE_IDENTIFIER = "com.streachy-header-collectionview";
				PRODUCT_NAME = "$(TARGET_NAME)";
				SWIFT_VERSION = 5.0;
				TARGETED_DEVICE_FAMILY = "1,2";
			};
			name = Release;
		};
/* End XCBuildConfiguration section */

/* Begin XCConfigurationList section */
		01916B3C227192BF008552E4 /* Build configuration list for PBXProject "streachy-header-collectionview" */ = {
			isa = XCConfigurationList;
			buildConfigurations = (
				01916B51227192C1008552E4 /* Debug */,
				01916B52227192C1008552E4 /* Release */,
			);
			defaultConfigurationIsVisible = 0;
			defaultConfigurationName = Release;
		};
		01916B53227192C1008552E4 /* Build configuration list for PBXNativeTarget "streachy-header-collectionview" */ = {
			isa = XCConfigurationList;
			buildConfigurations = (
				01916B54227192C1008552E4 /* Debug */,
				01916B55227192C1008552E4 /* Release */,
			);
			defaultConfigurationIsVisible = 0;
			defaultConfigurationName = Release;
		};
/* End XCConfigurationList section */
	};
	rootObject = 01916B39227192BF008552E4 /* Project object */;
}
