// !$*UTF8*$!
{
	archiveVersion = 1;
	classes = {
	};
	objectVersion = 50;
	objects = {

/* Begin PBXBuildFile section */
		011C68492266627F00C56D7B /* AppDelegate.swift in Sources */ = {isa = PBXBuildFile; fileRef = 011C68482266627F00C56D7B /* AppDelegate.swift */; };
		011C684B2266627F00C56D7B /* InitialVC.swift in Sources */ = {isa = PBXBuildFile; fileRef = 011C684A2266627F00C56D7B /* InitialVC.swift */; };
		011C684E2266627F00C56D7B /* Main.storyboard in Resources */ = {isa = PBXBuildFile; fileRef = 011C684C2266627F00C56D7B /* Main.storyboard */; };
		011C68502266628100C56D7B /* Assets.xcassets in Resources */ = {isa = PBXBuildFile; fileRef = 011C684F2266628100C56D7B /* Assets.xcassets */; };
		011C68532266628100C56D7B /* LaunchScreen.storyboard in Resources */ = {isa = PBXBuildFile; fileRef = 011C68512266628100C56D7B /* LaunchScreen.storyboard */; };
		011C685E2266750800C56D7B /* RoundImgExt.swift in Sources */ = {isa = PBXBuildFile; fileRef = 011C685D2266750800C56D7B /* RoundImgExt.swift */; };
/* End PBXBuildFile section */

/* Begin PBXFileReference section */
		011C68452266627F00C56D7B /* My trip.app */ = {isa = PBXFileReference; explicitFileType = wrapper.application; includeInIndex = 0; path = "My trip.app"; sourceTree = BUILT_PRODUCTS_DIR; };
		011C68482266627F00C56D7B /* AppDelegate.swift */ = {isa = PBXFileReference; lastKnownFileType = sourcecode.swift; path = AppDelegate.swift; sourceTree = "<group>"; };
		011C684A2266627F00C56D7B /* InitialVC.swift */ = {isa = PBXFileReference; lastKnownFileType = sourcecode.swift; path = InitialVC.swift; sourceTree = "<group>"; };
		011C684D2266627F00C56D7B /* Base */ = {isa = PBXFileReference; lastKnownFileType = file.storyboard; name = Base; path = Base.lproj/Main.storyboard; sourceTree = "<group>"; };
		011C684F2266628100C56D7B /* Assets.xcassets */ = {isa = PBXFileReference; lastKnownFileType = folder.assetcatalog; path = Assets.xcassets; sourceTree = "<group>"; };
		011C68522266628100C56D7B /* Base */ = {isa = PBXFileReference; lastKnownFileType = file.storyboard; name = Base; path = Base.lproj/LaunchScreen.storyboard; sourceTree = "<group>"; };
		011C68542266628100C56D7B /* Info.plist */ = {isa = PBXFileReference; lastKnownFileType = text.plist.xml; path = Info.plist; sourceTree = "<group>"; };
		011C685D2266750800C56D7B /* RoundImgExt.swift */ = {isa = PBXFileReference; lastKnownFileType = sourcecode.swift; path = RoundImgExt.swift; sourceTree = "<group>"; };
/* End PBXFileReference section */

/* Begin PBXFrameworksBuildPhase section */
		011C68422266627F00C56D7B /* Frameworks */ = {
			isa = PBXFrameworksBuildPhase;
			buildActionMask = 2147483647;
			files = (
			);
			runOnlyForDeploymentPostprocessing = 0;
		};
/* End PBXFrameworksBuildPhase section */

/* Begin PBXGroup section */
		011C683C2266627F00C56D7B = {
			isa = PBXGroup;
			children = (
				011C68472266627F00C56D7B /* My trip */,
				011C68462266627F00C56D7B /* Products */,
			);
			sourceTree = "<group>";
		};
		011C68462266627F00C56D7B /* Products */ = {
			isa = PBXGroup;
			children = (
				011C68452266627F00C56D7B /* My trip.app */,
			);
			name = Products;
			sourceTree = "<group>";
		};
		011C68472266627F00C56D7B /* My trip */ = {
			isa = PBXGroup;
			children = (
				011C685C226674F000C56D7B /* Extensions */,
				011C685B226662C900C56D7B /* Views */,
				011C685A226662BF00C56D7B /* Controllers */,
				011C68482266627F00C56D7B /* AppDelegate.swift */,
				011C684C2266627F00C56D7B /* Main.storyboard */,
				011C684F2266628100C56D7B /* Assets.xcassets */,
				011C68512266628100C56D7B /* LaunchScreen.storyboard */,
				011C68542266628100C56D7B /* Info.plist */,
			);
			path = "My trip";
			sourceTree = "<group>";
		};
		011C685A226662BF00C56D7B /* Controllers */ = {
			isa = PBXGroup;
			children = (
				011C684A2266627F00C56D7B /* InitialVC.swift */,
			);
			path = Controllers;
			sourceTree = "<group>";
		};
		011C685B226662C900C56D7B /* Views */ = {
			isa = PBXGroup;
			children = (
			);
			path = Views;
			sourceTree = "<group>";
		};
		011C685C226674F000C56D7B /* Extensions */ = {
			isa = PBXGroup;
			children = (
				011C685D2266750800C56D7B /* RoundImgExt.swift */,
			);
			path = Extensions;
			sourceTree = "<group>";
		};
/* End PBXGroup section */

/* Begin PBXNativeTarget section */
		011C68442266627F00C56D7B /* My trip */ = {
			isa = PBXNativeTarget;
			buildConfigurationList = 011C68572266628100C56D7B /* Build configuration list for PBXNativeTarget "My trip" */;
			buildPhases = (
				011C68412266627F00C56D7B /* Sources */,
				011C68422266627F00C56D7B /* Frameworks */,
				011C68432266627F00C56D7B /* Resources */,
			);
			buildRules = (
			);
			dependencies = (
			);
			name = "My trip";
			productName = "My trip";
			productReference = 011C68452266627F00C56D7B /* My trip.app */;
			productType = "com.apple.product-type.application";
		};
/* End PBXNativeTarget section */

/* Begin PBXProject section */
		011C683D2266627F00C56D7B /* Project object */ = {
			isa = PBXProject;
			attributes = {
				LastSwiftUpdateCheck = 1020;
				LastUpgradeCheck = 1020;
				ORGANIZATIONNAME = "Ishraqe Manjur";
				TargetAttributes = {
					011C68442266627F00C56D7B = {
						CreatedOnToolsVersion = 10.2;
					};
				};
			};
			buildConfigurationList = 011C68402266627F00C56D7B /* Build configuration list for PBXProject "My trip" */;
			compatibilityVersion = "Xcode 9.3";
			developmentRegion = en;
			hasScannedForEncodings = 0;
			knownRegions = (
				en,
				Base,
			);
			mainGroup = 011C683C2266627F00C56D7B;
			productRefGroup = 011C68462266627F00C56D7B /* Products */;
			projectDirPath = "";
			projectRoot = "";
			targets = (
				011C68442266627F00C56D7B /* My trip */,
			);
		};
/* End PBXProject section */

/* Begin PBXResourcesBuildPhase section */
		011C68432266627F00C56D7B /* Resources */ = {
			isa = PBXResourcesBuildPhase;
			buildActionMask = 2147483647;
			files = (
				011C68532266628100C56D7B /* LaunchScreen.storyboard in Resources */,
				011C68502266628100C56D7B /* Assets.xcassets in Resources */,
				011C684E2266627F00C56D7B /* Main.storyboard in Resources */,
			);
			runOnlyForDeploymentPostprocessing = 0;
		};
/* End PBXResourcesBuildPhase section */

/* Begin PBXSourcesBuildPhase section */
		011C68412266627F00C56D7B /* Sources */ = {
			isa = PBXSourcesBuildPhase;
			buildActionMask = 2147483647;
			files = (
				011C685E2266750800C56D7B /* RoundImgExt.swift in Sources */,
				011C684B2266627F00C56D7B /* InitialVC.swift in Sources */,
				011C68492266627F00C56D7B /* AppDelegate.swift in Sources */,
			);
			runOnlyForDeploymentPostprocessing = 0;
		};
/* End PBXSourcesBuildPhase section */

/* Begin PBXVariantGroup section */
		011C684C2266627F00C56D7B /* Main.storyboard */ = {
			isa = PBXVariantGroup;
			children = (
				011C684D2266627F00C56D7B /* Base */,
			);
			name = Main.storyboard;
			sourceTree = "<group>";
		};
		011C68512266628100C56D7B /* LaunchScreen.storyboard */ = {
			isa = PBXVariantGroup;
			children = (
				011C68522266628100C56D7B /* Base */,
			);
			name = LaunchScreen.storyboard;
			sourceTree = "<group>";
		};
/* End PBXVariantGroup section */

/* Begin XCBuildConfiguration section */
		011C68552266628100C56D7B /* Debug */ = {
			isa = XCBuildConfiguration;
			buildSettings = {
				ALWAYS_SEARCH_USER_PATHS = NO;
				CLANG_ANALYZER_NONNULL = YES;
				CLANG_ANALYZER_NUMBER_OBJECT_CONVERSION = YES_AGGRESSIVE;
				CLANG_CXX_LANGUAGE_STANDARD = "gnu++14";
				CLANG_CXX_LIBRARY = "libc++";
				CLANG_ENABLE_MODULES = YES;
				CLANG_ENABLE_OBJC_ARC = YES;
				CLANG_ENABLE_OBJC_WEAK = YES;
				CLANG_WARN_BLOCK_CAPTURE_AUTORELEASING = YES;
				CLANG_WARN_BOOL_CONVERSION = YES;
				CLANG_WARN_COMMA = YES;
				CLANG_WARN_CONSTANT_CONVERSION = YES;
				CLANG_WARN_DEPRECATED_OBJC_IMPLEMENTATIONS = YES;
				CLANG_WARN_DIRECT_OBJC_ISA_USAGE = YES_ERROR;
				CLANG_WARN_DOCUMENTATION_COMMENTS = YES;
				CLANG_WARN_EMPTY_BODY = YES;
				CLANG_WARN_ENUM_CONVERSION = YES;
				CLANG_WARN_INFINITE_RECURSION = YES;
				CLANG_WARN_INT_CONVERSION = YES;
				CLANG_WARN_NON_LITERAL_NULL_CONVERSION = YES;
				CLANG_WARN_OBJC_IMPLICIT_RETAIN_SELF = YES;
				CLANG_WARN_OBJC_LITERAL_CONVERSION = YES;
				CLANG_WARN_OBJC_ROOT_CLASS = YES_ERROR;
				CLANG_WARN_RANGE_LOOP_ANALYSIS = YES;
				CLANG_WARN_STRICT_PROTOTYPES = YES;
				CLANG_WARN_SUSPICIOUS_MOVE = YES;
				CLANG_WARN_UNGUARDED_AVAILABILITY = YES_AGGRESSIVE;
				CLANG_WARN_UNREACHABLE_CODE = YES;
				CLANG_WARN__DUPLICATE_METHOD_MATCH = YES;
				CODE_SIGN_IDENTITY = "iPhone Developer";
				COPY_PHASE_STRIP = NO;
				DEBUG_INFORMATION_FORMAT = dwarf;
				ENABLE_STRICT_OBJC_MSGSEND = YES;
				ENABLE_TESTABILITY = YES;
				GCC_C_LANGUAGE_STANDARD = gnu11;
				GCC_DYNAMIC_NO_PIC = NO;
				GCC_NO_COMMON_BLOCKS = YES;
				GCC_OPTIMIZATION_LEVEL = 0;
				GCC_PREPROCESSOR_DEFINITIONS = (
					"DEBUG=1",
					"$(inherited)",
				);
				GCC_WARN_64_TO_32_BIT_CONVERSION = YES;
				GCC_WARN_ABOUT_RETURN_TYPE = YES_ERROR;
				GCC_WARN_UNDECLARED_SELECTOR = YES;
				GCC_WARN_UNINITIALIZED_AUTOS = YES_AGGRESSIVE;
				GCC_WARN_UNUSED_FUNCTION = YES;
				GCC_WARN_UNUSED_VARIABLE = YES;
				IPHONEOS_DEPLOYMENT_TARGET = 12.2;
				MTL_ENABLE_DEBUG_INFO = INCLUDE_SOURCE;
				MTL_FAST_MATH = YES;
				ONLY_ACTIVE_ARCH = YES;
				SDKROOT = iphoneos;
				SWIFT_ACTIVE_COMPILATION_CONDITIONS = DEBUG;
				SWIFT_OPTIMIZATION_LEVEL = "-Onone";
			};
			name = Debug;
		};
		011C68562266628100C56D7B /* Release */ = {
			isa = XCBuildConfiguration;
			buildSettings = {
				ALWAYS_SEARCH_USER_PATHS = NO;
				CLANG_ANALYZER_NONNULL = YES;
				CLANG_ANALYZER_NUMBER_OBJECT_CONVERSION = YES_AGGRESSIVE;
				CLANG_CXX_LANGUAGE_STANDARD = "gnu++14";
				CLANG_CXX_LIBRARY = "libc++";
				CLANG_ENABLE_MODULES = YES;
				CLANG_ENABLE_OBJC_ARC = YES;
				CLANG_ENABLE_OBJC_WEAK = YES;
				CLANG_WARN_BLOCK_CAPTURE_AUTORELEASING = YES;
				CLANG_WARN_BOOL_CONVERSION = YES;
				CLANG_WARN_COMMA = YES;
				CLANG_WARN_CONSTANT_CONVERSION = YES;
				CLANG_WARN_DEPRECATED_OBJC_IMPLEMENTATIONS = YES;
				CLANG_WARN_DIRECT_OBJC_ISA_USAGE = YES_ERROR;
				CLANG_WARN_DOCUMENTATION_COMMENTS = YES;
				CLANG_WARN_EMPTY_BODY = YES;
				CLANG_WARN_ENUM_CONVERSION = YES;
				CLANG_WARN_INFINITE_RECURSION = YES;
				CLANG_WARN_INT_CONVERSION = YES;
				CLANG_WARN_NON_LITERAL_NULL_CONVERSION = YES;
				CLANG_WARN_OBJC_IMPLICIT_RETAIN_SELF = YES;
				CLANG_WARN_OBJC_LITERAL_CONVERSION = YES;
				CLANG_WARN_OBJC_ROOT_CLASS = YES_ERROR;
				CLANG_WARN_RANGE_LOOP_ANALYSIS = YES;
				CLANG_WARN_STRICT_PROTOTYPES = YES;
				CLANG_WARN_SUSPICIOUS_MOVE = YES;
				CLANG_WARN_UNGUARDED_AVAILABILITY = YES_AGGRESSIVE;
				CLANG_WARN_UNREACHABLE_CODE = YES;
				CLANG_WARN__DUPLICATE_METHOD_MATCH = YES;
				CODE_SIGN_IDENTITY = "iPhone Developer";
				COPY_PHASE_STRIP = NO;
				DEBUG_INFORMATION_FORMAT = "dwarf-with-dsym";
				ENABLE_NS_ASSERTIONS = NO;
				ENABLE_STRICT_OBJC_MSGSEND = YES;
				GCC_C_LANGUAGE_STANDARD = gnu11;
				GCC_NO_COMMON_BLOCKS = YES;
				GCC_WARN_64_TO_32_BIT_CONVERSION = YES;
				GCC_WARN_ABOUT_RETURN_TYPE = YES_ERROR;
				GCC_WARN_UNDECLARED_SELECTOR = YES;
				GCC_WARN_UNINITIALIZED_AUTOS = YES_AGGRESSIVE;
				GCC_WARN_UNUSED_FUNCTION = YES;
				GCC_WARN_UNUSED_VARIABLE = YES;
				IPHONEOS_DEPLOYMENT_TARGET = 12.2;
				MTL_ENABLE_DEBUG_INFO = NO;
				MTL_FAST_MATH = YES;
				SDKROOT = iphoneos;
				SWIFT_COMPILATION_MODE = wholemodule;
				SWIFT_OPTIMIZATION_LEVEL = "-O";
				VALIDATE_PRODUCT = YES;
			};
			name = Release;
		};
		011C68582266628100C56D7B /* Debug */ = {
			isa = XCBuildConfiguration;
			buildSettings = {
				ASSETCATALOG_COMPILER_APPICON_NAME = AppIcon;
				CODE_SIGN_STYLE = Automatic;
				DEVELOPMENT_TEAM = 4A7XK4Q3M4;
				INFOPLIST_FILE = "My trip/Info.plist";
				LD_RUNPATH_SEARCH_PATHS = (
					"$(inherited)",
					"@executable_path/Frameworks",
				);
				PRODUCT_BUNDLE_IDENTIFIER = "com.My-trip";
				PRODUCT_NAME = "$(TARGET_NAME)";
				SWIFT_VERSION = 5.0;
				TARGETED_DEVICE_FAMILY = "1,2";
			};
			name = Debug;
		};
		011C68592266628100C56D7B /* Release */ = {
			isa = XCBuildConfiguration;
			buildSettings = {
				ASSETCATALOG_COMPILER_APPICON_NAME = AppIcon;
				CODE_SIGN_STYLE = Automatic;
				DEVELOPMENT_TEAM = 4A7XK4Q3M4;
				INFOPLIST_FILE = "My trip/Info.plist";
				LD_RUNPATH_SEARCH_PATHS = (
					"$(inherited)",
					"@executable_path/Frameworks",
				);
				PRODUCT_BUNDLE_IDENTIFIER = "com.My-trip";
				PRODUCT_NAME = "$(TARGET_NAME)";
				SWIFT_VERSION = 5.0;
				TARGETED_DEVICE_FAMILY = "1,2";
			};
			name = Release;
		};
/* End XCBuildConfiguration section */

/* Begin XCConfigurationList section */
		011C68402266627F00C56D7B /* Build configuration list for PBXProject "My trip" */ = {
			isa = XCConfigurationList;
			buildConfigurations = (
				011C68552266628100C56D7B /* Debug */,
				011C68562266628100C56D7B /* Release */,
			);
			defaultConfigurationIsVisible = 0;
			defaultConfigurationName = Release;
		};
		011C68572266628100C56D7B /* Build configuration list for PBXNativeTarget "My trip" */ = {
			isa = XCConfigurationList;
			buildConfigurations = (
				011C68582266628100C56D7B /* Debug */,
				011C68592266628100C56D7B /* Release */,
			);
			defaultConfigurationIsVisible = 0;
			defaultConfigurationName = Release;
		};
/* End XCConfigurationList section */
	};
	rootObject = 011C683D2266627F00C56D7B /* Project object */;
}
